// !$*UTF8*$!
{
	archiveVersion = 1;
	classes = {
	};
	objectVersion = 46;
	objects = {

/* Begin PBXBuildFile section */
		4257DD5B1EEDBAF7003DEAC1 /* AddExpenseToDayViewController.swift in Sources */ = {isa = PBXBuildFile; fileRef = 4257DD5A1EEDBAF7003DEAC1 /* AddExpenseToDayViewController.swift */; };
		425C5FFE1ECA8A93009DE6DD /* InputLabelView.swift in Sources */ = {isa = PBXBuildFile; fileRef = 425C5FFD1ECA8A93009DE6DD /* InputLabelView.swift */; };
		425C60051ECACF78009DE6DD /* ImageKey.swift in Sources */ = {isa = PBXBuildFile; fileRef = 425C60041ECACF78009DE6DD /* ImageKey.swift */; };
		425C60071ECADA81009DE6DD /* ExpenseCalendar.swift in Sources */ = {isa = PBXBuildFile; fileRef = 425C60061ECADA81009DE6DD /* ExpenseCalendar.swift */; };
		425E16DC1EDE62FC00C98183 /* TagInputView.swift in Sources */ = {isa = PBXBuildFile; fileRef = 425E16DB1EDE62FC00C98183 /* TagInputView.swift */; };
		42617CC61ED0EF73000F3DAD /* HistoryTableViewCell.swift in Sources */ = {isa = PBXBuildFile; fileRef = 42617CC51ED0EF73000F3DAD /* HistoryTableViewCell.swift */; };
		426C1BFA1ECBC1AF004BDC36 /* ProfileViewController.swift in Sources */ = {isa = PBXBuildFile; fileRef = 426C1BF91ECBC1AF004BDC36 /* ProfileViewController.swift */; };
		426C1BFF1ECC1FEC004BDC36 /* TrackerJawn.xcdatamodeld in Sources */ = {isa = PBXBuildFile; fileRef = 426C1BFD1ECC1FEC004BDC36 /* TrackerJawn.xcdatamodeld */; };
		426C1C411ECCD25F004BDC36 /* CoreDataManager.swift in Sources */ = {isa = PBXBuildFile; fileRef = 426C1C401ECCD25F004BDC36 /* CoreDataManager.swift */; };
		426C1C441ECD2041004BDC36 /* TJDate.swift in Sources */ = {isa = PBXBuildFile; fileRef = 426C1C431ECD2041004BDC36 /* TJDate.swift */; };
		426C1C481ECD2C77004BDC36 /* TJDateTest_Initializer.swift in Sources */ = {isa = PBXBuildFile; fileRef = 426C1C471ECD2C77004BDC36 /* TJDateTest_Initializer.swift */; };
		426C6D0F1ED22511001419B3 /* HistoryNavController.swift in Sources */ = {isa = PBXBuildFile; fileRef = 426C6D0E1ED22511001419B3 /* HistoryNavController.swift */; };
		426C6D141ED22B50001419B3 /* SingleDayTableViewController.swift in Sources */ = {isa = PBXBuildFile; fileRef = 426C6D131ED22B50001419B3 /* SingleDayTableViewController.swift */; };
		426C6D161ED24DF1001419B3 /* DailyHistoryTableViewCell.swift in Sources */ = {isa = PBXBuildFile; fileRef = 426C6D151ED24DF1001419B3 /* DailyHistoryTableViewCell.swift */; };
		42726D961ED35400006D821B /* TJWeek.swift in Sources */ = {isa = PBXBuildFile; fileRef = 42726D951ED35400006D821B /* TJWeek.swift */; };
		42779DA71ECE7EC400F8628E /* Date.swift in Sources */ = {isa = PBXBuildFile; fileRef = 42779DA61ECE7EC400F8628E /* Date.swift */; };
		42779DAA1ECE7ED000F8628E /* NSDate.swift in Sources */ = {isa = PBXBuildFile; fileRef = 42779DA91ECE7ED000F8628E /* NSDate.swift */; };
		42779DAD1ED0E5B400F8628E /* Util.swift in Sources */ = {isa = PBXBuildFile; fileRef = 42779DAC1ED0E5B400F8628E /* Util.swift */; };
		428021B81EC8D6FE003E8F96 /* AppDelegate.swift in Sources */ = {isa = PBXBuildFile; fileRef = 428021B71EC8D6FE003E8F96 /* AppDelegate.swift */; };
		428021BF1EC8D6FE003E8F96 /* Assets.xcassets in Resources */ = {isa = PBXBuildFile; fileRef = 428021BE1EC8D6FE003E8F96 /* Assets.xcassets */; };
		428021C21EC8D6FE003E8F96 /* LaunchScreen.storyboard in Resources */ = {isa = PBXBuildFile; fileRef = 428021C01EC8D6FE003E8F96 /* LaunchScreen.storyboard */; };
		428021CD1EC8D6FE003E8F96 /* Tracker_JawnTests.swift in Sources */ = {isa = PBXBuildFile; fileRef = 428021CC1EC8D6FE003E8F96 /* Tracker_JawnTests.swift */; };
		428021D81EC8D6FE003E8F96 /* Tracker_JawnUITests.swift in Sources */ = {isa = PBXBuildFile; fileRef = 428021D71EC8D6FE003E8F96 /* Tracker_JawnUITests.swift */; };
		428021E61EC8E452003E8F96 /* MainViewController.swift in Sources */ = {isa = PBXBuildFile; fileRef = 428021E51EC8E452003E8F96 /* MainViewController.swift */; };
		428021E81EC93044003E8F96 /* MainTabBarController.swift in Sources */ = {isa = PBXBuildFile; fileRef = 428021E71EC93044003E8F96 /* MainTabBarController.swift */; };
		428021F21EC938D8003E8F96 /* HistoryTableViewController.swift in Sources */ = {isa = PBXBuildFile; fileRef = 428021F11EC938D8003E8F96 /* HistoryTableViewController.swift */; };
		428021FC1ECA3DFA003E8F96 /* NumberKey.swift in Sources */ = {isa = PBXBuildFile; fileRef = 428021FB1ECA3DFA003E8F96 /* NumberKey.swift */; };
		428021FE1ECA4C50003E8F96 /* Literals.swift in Sources */ = {isa = PBXBuildFile; fileRef = 428021FD1ECA4C50003E8F96 /* Literals.swift */; };
		428022001ECA6445003E8F96 /* NumberPad.swift in Sources */ = {isa = PBXBuildFile; fileRef = 428021FF1ECA6445003E8F96 /* NumberPad.swift */; };
		4294ABFC1ED8F00A00D5CC52 /* ProfileStatView.swift in Sources */ = {isa = PBXBuildFile; fileRef = 4294ABFB1ED8F00A00D5CC52 /* ProfileStatView.swift */; };
		4294ABFE1EDA0E7A00D5CC52 /* UIColor.swift in Sources */ = {isa = PBXBuildFile; fileRef = 4294ABFD1EDA0E7A00D5CC52 /* UIColor.swift */; };
		4294AC381EDB588E00D5CC52 /* OpenSans-Bold.ttf in Resources */ = {isa = PBXBuildFile; fileRef = 4294AC2E1EDB588E00D5CC52 /* OpenSans-Bold.ttf */; };
		4294AC391EDB588E00D5CC52 /* OpenSans-BoldItalic.ttf in Resources */ = {isa = PBXBuildFile; fileRef = 4294AC2F1EDB588E00D5CC52 /* OpenSans-BoldItalic.ttf */; };
		4294AC3A1EDB588E00D5CC52 /* OpenSans-ExtraBold.ttf in Resources */ = {isa = PBXBuildFile; fileRef = 4294AC301EDB588E00D5CC52 /* OpenSans-ExtraBold.ttf */; };
		4294AC3B1EDB588E00D5CC52 /* OpenSans-ExtraBoldItalic.ttf in Resources */ = {isa = PBXBuildFile; fileRef = 4294AC311EDB588E00D5CC52 /* OpenSans-ExtraBoldItalic.ttf */; };
		4294AC3C1EDB588E00D5CC52 /* OpenSans-Italic.ttf in Resources */ = {isa = PBXBuildFile; fileRef = 4294AC321EDB588E00D5CC52 /* OpenSans-Italic.ttf */; };
		4294AC3D1EDB588E00D5CC52 /* OpenSans-Light.ttf in Resources */ = {isa = PBXBuildFile; fileRef = 4294AC331EDB588E00D5CC52 /* OpenSans-Light.ttf */; };
		4294AC3E1EDB588E00D5CC52 /* OpenSans-LightItalic.ttf in Resources */ = {isa = PBXBuildFile; fileRef = 4294AC341EDB588E00D5CC52 /* OpenSans-LightItalic.ttf */; };
		4294AC3F1EDB588E00D5CC52 /* OpenSans-Regular.ttf in Resources */ = {isa = PBXBuildFile; fileRef = 4294AC351EDB588E00D5CC52 /* OpenSans-Regular.ttf */; };
		4294AC401EDB588E00D5CC52 /* OpenSans-Semibold.ttf in Resources */ = {isa = PBXBuildFile; fileRef = 4294AC361EDB588E00D5CC52 /* OpenSans-Semibold.ttf */; };
		4294AC411EDB588E00D5CC52 /* OpenSans-SemiboldItalic.ttf in Resources */ = {isa = PBXBuildFile; fileRef = 4294AC371EDB588E00D5CC52 /* OpenSans-SemiboldItalic.ttf */; };
		4294AC421EDB591800D5CC52 /* Info.plist in Resources */ = {isa = PBXBuildFile; fileRef = 428021CE1EC8D6FE003E8F96 /* Info.plist */; };
		42AA1B081ED3AE6E003697D6 /* ProfileNavController.swift in Sources */ = {isa = PBXBuildFile; fileRef = 42AA1B071ED3AE6E003697D6 /* ProfileNavController.swift */; };
		42AA1B0B1ED3B07F003697D6 /* UtilFactories.swift in Sources */ = {isa = PBXBuildFile; fileRef = 42AA1B0A1ED3B07F003697D6 /* UtilFactories.swift */; };
		42C6AA301ED7877600F9FFCF /* ProfileView.swift in Sources */ = {isa = PBXBuildFile; fileRef = 42C6AA2F1ED7877600F9FFCF /* ProfileView.swift */; };
		42D0A3021EDBA547004084F5 /* ChartFormatters.swift in Sources */ = {isa = PBXBuildFile; fileRef = 42D0A3011EDBA547004084F5 /* ChartFormatters.swift */; };
		42D9B5381EE4DFC5006F111A /* String.swift in Sources */ = {isa = PBXBuildFile; fileRef = 42D9B5371EE4DFC5006F111A /* String.swift */; };
		42D9B53A1EE4E955006F111A /* MainLabel.swift in Sources */ = {isa = PBXBuildFile; fileRef = 42D9B5391EE4E955006F111A /* MainLabel.swift */; };
		42D9B53C1EE4F2D4006F111A /* NumberpadKeyConstants.swift in Sources */ = {isa = PBXBuildFile; fileRef = 42D9B53B1EE4F2D4006F111A /* NumberpadKeyConstants.swift */; };
		4A70CCE2BD5DED4E3BAF4424 /* Pods_Tracker_JawnTests.framework in Frameworks */ = {isa = PBXBuildFile; fileRef = EB42C473835A3381E7CE508A /* Pods_Tracker_JawnTests.framework */; };
		4FF64CE6C6FB8ED98C80A562 /* Pods_Tracker_Jawn.framework in Frameworks */ = {isa = PBXBuildFile; fileRef = 25B287768C249090155D2D93 /* Pods_Tracker_Jawn.framework */; };
		C11DB46FB02E9C1B046AF266 /* Pods_Tracker_JawnUITests.framework in Frameworks */ = {isa = PBXBuildFile; fileRef = C18263C821059B5F3C19D026 /* Pods_Tracker_JawnUITests.framework */; };
/* End PBXBuildFile section */

/* Begin PBXContainerItemProxy section */
		428021C91EC8D6FE003E8F96 /* PBXContainerItemProxy */ = {
			isa = PBXContainerItemProxy;
			containerPortal = 428021AC1EC8D6FD003E8F96 /* Project object */;
			proxyType = 1;
			remoteGlobalIDString = 428021B31EC8D6FE003E8F96;
			remoteInfo = "Tracker Jawn";
		};
		428021D41EC8D6FE003E8F96 /* PBXContainerItemProxy */ = {
			isa = PBXContainerItemProxy;
			containerPortal = 428021AC1EC8D6FD003E8F96 /* Project object */;
			proxyType = 1;
			remoteGlobalIDString = 428021B31EC8D6FE003E8F96;
			remoteInfo = "Tracker Jawn";
		};
/* End PBXContainerItemProxy section */

/* Begin PBXCopyFilesBuildPhase section */
		4294AC5C1EDB686C00D5CC52 /* Embed Frameworks */ = {
			isa = PBXCopyFilesBuildPhase;
			buildActionMask = 2147483647;
			dstPath = "";
			dstSubfolderSpec = 10;
			files = (
			);
			name = "Embed Frameworks";
			runOnlyForDeploymentPostprocessing = 0;
		};
/* End PBXCopyFilesBuildPhase section */

/* Begin PBXFileReference section */
		1952D7DA8E3715B54D9E77D7 /* Pods-Tracker JawnTests.debug.xcconfig */ = {isa = PBXFileReference; includeInIndex = 1; lastKnownFileType = text.xcconfig; name = "Pods-Tracker JawnTests.debug.xcconfig"; path = "Pods/Target Support Files/Pods-Tracker JawnTests/Pods-Tracker JawnTests.debug.xcconfig"; sourceTree = "<group>"; };
		25B287768C249090155D2D93 /* Pods_Tracker_Jawn.framework */ = {isa = PBXFileReference; explicitFileType = wrapper.framework; includeInIndex = 0; path = Pods_Tracker_Jawn.framework; sourceTree = BUILT_PRODUCTS_DIR; };
		2B04A020A882A77BD4B9C5E2 /* Pods-Tracker JawnUITests.release.xcconfig */ = {isa = PBXFileReference; includeInIndex = 1; lastKnownFileType = text.xcconfig; name = "Pods-Tracker JawnUITests.release.xcconfig"; path = "Pods/Target Support Files/Pods-Tracker JawnUITests/Pods-Tracker JawnUITests.release.xcconfig"; sourceTree = "<group>"; };
		4257DD5A1EEDBAF7003DEAC1 /* AddExpenseToDayViewController.swift */ = {isa = PBXFileReference; fileEncoding = 4; lastKnownFileType = sourcecode.swift; path = AddExpenseToDayViewController.swift; sourceTree = "<group>"; };
		425C5FFD1ECA8A93009DE6DD /* InputLabelView.swift */ = {isa = PBXFileReference; fileEncoding = 4; lastKnownFileType = sourcecode.swift; name = InputLabelView.swift; path = ../InputLabelView.swift; sourceTree = "<group>"; };
		425C60041ECACF78009DE6DD /* ImageKey.swift */ = {isa = PBXFileReference; fileEncoding = 4; lastKnownFileType = sourcecode.swift; path = ImageKey.swift; sourceTree = "<group>"; };
		425C60061ECADA81009DE6DD /* ExpenseCalendar.swift */ = {isa = PBXFileReference; fileEncoding = 4; lastKnownFileType = sourcecode.swift; path = ExpenseCalendar.swift; sourceTree = "<group>"; };
		425E16DB1EDE62FC00C98183 /* TagInputView.swift */ = {isa = PBXFileReference; fileEncoding = 4; lastKnownFileType = sourcecode.swift; path = TagInputView.swift; sourceTree = "<group>"; };
		42617CC51ED0EF73000F3DAD /* HistoryTableViewCell.swift */ = {isa = PBXFileReference; fileEncoding = 4; lastKnownFileType = sourcecode.swift; path = HistoryTableViewCell.swift; sourceTree = "<group>"; };
		426C1BF91ECBC1AF004BDC36 /* ProfileViewController.swift */ = {isa = PBXFileReference; fileEncoding = 4; lastKnownFileType = sourcecode.swift; path = ProfileViewController.swift; sourceTree = "<group>"; };
		426C1BFE1ECC1FEC004BDC36 /* TrackerJawn.xcdatamodel */ = {isa = PBXFileReference; lastKnownFileType = wrapper.xcdatamodel; path = TrackerJawn.xcdatamodel; sourceTree = "<group>"; };
		426C1C401ECCD25F004BDC36 /* CoreDataManager.swift */ = {isa = PBXFileReference; fileEncoding = 4; lastKnownFileType = sourcecode.swift; path = CoreDataManager.swift; sourceTree = "<group>"; };
		426C1C431ECD2041004BDC36 /* TJDate.swift */ = {isa = PBXFileReference; fileEncoding = 4; lastKnownFileType = sourcecode.swift; path = TJDate.swift; sourceTree = "<group>"; };
		426C1C471ECD2C77004BDC36 /* TJDateTest_Initializer.swift */ = {isa = PBXFileReference; fileEncoding = 4; lastKnownFileType = sourcecode.swift; path = TJDateTest_Initializer.swift; sourceTree = "<group>"; };
		426C6D0E1ED22511001419B3 /* HistoryNavController.swift */ = {isa = PBXFileReference; fileEncoding = 4; lastKnownFileType = sourcecode.swift; path = HistoryNavController.swift; sourceTree = "<group>"; };
		426C6D131ED22B50001419B3 /* SingleDayTableViewController.swift */ = {isa = PBXFileReference; fileEncoding = 4; lastKnownFileType = sourcecode.swift; path = SingleDayTableViewController.swift; sourceTree = "<group>"; };
		426C6D151ED24DF1001419B3 /* DailyHistoryTableViewCell.swift */ = {isa = PBXFileReference; fileEncoding = 4; lastKnownFileType = sourcecode.swift; path = DailyHistoryTableViewCell.swift; sourceTree = "<group>"; };
		42726D951ED35400006D821B /* TJWeek.swift */ = {isa = PBXFileReference; fileEncoding = 4; lastKnownFileType = sourcecode.swift; path = TJWeek.swift; sourceTree = "<group>"; };
		42779DA61ECE7EC400F8628E /* Date.swift */ = {isa = PBXFileReference; fileEncoding = 4; lastKnownFileType = sourcecode.swift; path = Date.swift; sourceTree = "<group>"; };
		42779DA91ECE7ED000F8628E /* NSDate.swift */ = {isa = PBXFileReference; fileEncoding = 4; lastKnownFileType = sourcecode.swift; name = NSDate.swift; path = ../NSDate.swift; sourceTree = "<group>"; };
		42779DAC1ED0E5B400F8628E /* Util.swift */ = {isa = PBXFileReference; fileEncoding = 4; lastKnownFileType = sourcecode.swift; path = Util.swift; sourceTree = "<group>"; };
		428021B41EC8D6FE003E8F96 /* Tracker Jawn.app */ = {isa = PBXFileReference; explicitFileType = wrapper.application; includeInIndex = 0; path = "Tracker Jawn.app"; sourceTree = BUILT_PRODUCTS_DIR; };
		428021B71EC8D6FE003E8F96 /* AppDelegate.swift */ = {isa = PBXFileReference; lastKnownFileType = sourcecode.swift; path = AppDelegate.swift; sourceTree = "<group>"; };
		428021BE1EC8D6FE003E8F96 /* Assets.xcassets */ = {isa = PBXFileReference; lastKnownFileType = folder.assetcatalog; name = Assets.xcassets; path = "Tracker Jawn/Assets.xcassets"; sourceTree = "<group>"; };
		428021C11EC8D6FE003E8F96 /* Base */ = {isa = PBXFileReference; lastKnownFileType = file.storyboard; name = Base; path = Base.lproj/LaunchScreen.storyboard; sourceTree = "<group>"; };
		428021C31EC8D6FE003E8F96 /* Info.plist */ = {isa = PBXFileReference; lastKnownFileType = text.plist.xml; path = Info.plist; sourceTree = "<group>"; };
		428021C81EC8D6FE003E8F96 /* Tracker JawnTests.xctest */ = {isa = PBXFileReference; explicitFileType = wrapper.cfbundle; includeInIndex = 0; path = "Tracker JawnTests.xctest"; sourceTree = BUILT_PRODUCTS_DIR; };
		428021CC1EC8D6FE003E8F96 /* Tracker_JawnTests.swift */ = {isa = PBXFileReference; lastKnownFileType = sourcecode.swift; path = Tracker_JawnTests.swift; sourceTree = "<group>"; };
		428021CE1EC8D6FE003E8F96 /* Info.plist */ = {isa = PBXFileReference; lastKnownFileType = text.plist.xml; path = Info.plist; sourceTree = "<group>"; };
		428021D31EC8D6FE003E8F96 /* Tracker JawnUITests.xctest */ = {isa = PBXFileReference; explicitFileType = wrapper.cfbundle; includeInIndex = 0; path = "Tracker JawnUITests.xctest"; sourceTree = BUILT_PRODUCTS_DIR; };
		428021D71EC8D6FE003E8F96 /* Tracker_JawnUITests.swift */ = {isa = PBXFileReference; lastKnownFileType = sourcecode.swift; path = Tracker_JawnUITests.swift; sourceTree = "<group>"; };
		428021D91EC8D6FE003E8F96 /* Info.plist */ = {isa = PBXFileReference; lastKnownFileType = text.plist.xml; path = Info.plist; sourceTree = "<group>"; };
		428021E51EC8E452003E8F96 /* MainViewController.swift */ = {isa = PBXFileReference; fileEncoding = 4; lastKnownFileType = sourcecode.swift; path = MainViewController.swift; sourceTree = "<group>"; };
		428021E71EC93044003E8F96 /* MainTabBarController.swift */ = {isa = PBXFileReference; fileEncoding = 4; lastKnownFileType = sourcecode.swift; path = MainTabBarController.swift; sourceTree = "<group>"; };
		428021F11EC938D8003E8F96 /* HistoryTableViewController.swift */ = {isa = PBXFileReference; fileEncoding = 4; lastKnownFileType = sourcecode.swift; name = HistoryTableViewController.swift; path = ../HistoryTableViewController.swift; sourceTree = "<group>"; };
		428021FB1ECA3DFA003E8F96 /* NumberKey.swift */ = {isa = PBXFileReference; fileEncoding = 4; lastKnownFileType = sourcecode.swift; path = NumberKey.swift; sourceTree = "<group>"; };
		428021FD1ECA4C50003E8F96 /* Literals.swift */ = {isa = PBXFileReference; fileEncoding = 4; lastKnownFileType = sourcecode.swift; path = Literals.swift; sourceTree = "<group>"; };
		428021FF1ECA6445003E8F96 /* NumberPad.swift */ = {isa = PBXFileReference; fileEncoding = 4; lastKnownFileType = sourcecode.swift; path = NumberPad.swift; sourceTree = "<group>"; };
		4294ABFB1ED8F00A00D5CC52 /* ProfileStatView.swift */ = {isa = PBXFileReference; fileEncoding = 4; lastKnownFileType = sourcecode.swift; path = ProfileStatView.swift; sourceTree = "<group>"; };
		4294ABFD1EDA0E7A00D5CC52 /* UIColor.swift */ = {isa = PBXFileReference; fileEncoding = 4; lastKnownFileType = sourcecode.swift; path = UIColor.swift; sourceTree = "<group>"; };
		4294AC2E1EDB588E00D5CC52 /* OpenSans-Bold.ttf */ = {isa = PBXFileReference; lastKnownFileType = file; path = "OpenSans-Bold.ttf"; sourceTree = "<group>"; };
		4294AC2F1EDB588E00D5CC52 /* OpenSans-BoldItalic.ttf */ = {isa = PBXFileReference; lastKnownFileType = file; path = "OpenSans-BoldItalic.ttf"; sourceTree = "<group>"; };
		4294AC301EDB588E00D5CC52 /* OpenSans-ExtraBold.ttf */ = {isa = PBXFileReference; lastKnownFileType = file; path = "OpenSans-ExtraBold.ttf"; sourceTree = "<group>"; };
		4294AC311EDB588E00D5CC52 /* OpenSans-ExtraBoldItalic.ttf */ = {isa = PBXFileReference; lastKnownFileType = file; path = "OpenSans-ExtraBoldItalic.ttf"; sourceTree = "<group>"; };
		4294AC321EDB588E00D5CC52 /* OpenSans-Italic.ttf */ = {isa = PBXFileReference; lastKnownFileType = file; path = "OpenSans-Italic.ttf"; sourceTree = "<group>"; };
		4294AC331EDB588E00D5CC52 /* OpenSans-Light.ttf */ = {isa = PBXFileReference; lastKnownFileType = file; path = "OpenSans-Light.ttf"; sourceTree = "<group>"; };
		4294AC341EDB588E00D5CC52 /* OpenSans-LightItalic.ttf */ = {isa = PBXFileReference; lastKnownFileType = file; path = "OpenSans-LightItalic.ttf"; sourceTree = "<group>"; };
		4294AC351EDB588E00D5CC52 /* OpenSans-Regular.ttf */ = {isa = PBXFileReference; lastKnownFileType = file; path = "OpenSans-Regular.ttf"; sourceTree = "<group>"; };
		4294AC361EDB588E00D5CC52 /* OpenSans-Semibold.ttf */ = {isa = PBXFileReference; lastKnownFileType = file; path = "OpenSans-Semibold.ttf"; sourceTree = "<group>"; };
		4294AC371EDB588E00D5CC52 /* OpenSans-SemiboldItalic.ttf */ = {isa = PBXFileReference; lastKnownFileType = file; path = "OpenSans-SemiboldItalic.ttf"; sourceTree = "<group>"; };
		42AA1B071ED3AE6E003697D6 /* ProfileNavController.swift */ = {isa = PBXFileReference; fileEncoding = 4; lastKnownFileType = sourcecode.swift; path = ProfileNavController.swift; sourceTree = "<group>"; };
		42AA1B0A1ED3B07F003697D6 /* UtilFactories.swift */ = {isa = PBXFileReference; fileEncoding = 4; lastKnownFileType = sourcecode.swift; path = UtilFactories.swift; sourceTree = "<group>"; };
		42C6AA2F1ED7877600F9FFCF /* ProfileView.swift */ = {isa = PBXFileReference; fileEncoding = 4; lastKnownFileType = sourcecode.swift; path = ProfileView.swift; sourceTree = "<group>"; };
		42D0A3011EDBA547004084F5 /* ChartFormatters.swift */ = {isa = PBXFileReference; fileEncoding = 4; lastKnownFileType = sourcecode.swift; path = ChartFormatters.swift; sourceTree = "<group>"; };
		42D9B5371EE4DFC5006F111A /* String.swift */ = {isa = PBXFileReference; fileEncoding = 4; lastKnownFileType = sourcecode.swift; path = String.swift; sourceTree = "<group>"; };
		42D9B5391EE4E955006F111A /* MainLabel.swift */ = {isa = PBXFileReference; fileEncoding = 4; lastKnownFileType = sourcecode.swift; path = MainLabel.swift; sourceTree = "<group>"; };
		42D9B53B1EE4F2D4006F111A /* NumberpadKeyConstants.swift */ = {isa = PBXFileReference; fileEncoding = 4; lastKnownFileType = sourcecode.swift; path = NumberpadKeyConstants.swift; sourceTree = "<group>"; };
		585D1C2312A763660EED0F53 /* Pods-Tracker Jawn.release.xcconfig */ = {isa = PBXFileReference; includeInIndex = 1; lastKnownFileType = text.xcconfig; name = "Pods-Tracker Jawn.release.xcconfig"; path = "Pods/Target Support Files/Pods-Tracker Jawn/Pods-Tracker Jawn.release.xcconfig"; sourceTree = "<group>"; };
		9DD690B8F2E1738F46A06FFB /* Pods-Tracker JawnTests.release.xcconfig */ = {isa = PBXFileReference; includeInIndex = 1; lastKnownFileType = text.xcconfig; name = "Pods-Tracker JawnTests.release.xcconfig"; path = "Pods/Target Support Files/Pods-Tracker JawnTests/Pods-Tracker JawnTests.release.xcconfig"; sourceTree = "<group>"; };
		B4E1A80DA09C8EB16A422278 /* Pods-Tracker Jawn.debug.xcconfig */ = {isa = PBXFileReference; includeInIndex = 1; lastKnownFileType = text.xcconfig; name = "Pods-Tracker Jawn.debug.xcconfig"; path = "Pods/Target Support Files/Pods-Tracker Jawn/Pods-Tracker Jawn.debug.xcconfig"; sourceTree = "<group>"; };
		C18263C821059B5F3C19D026 /* Pods_Tracker_JawnUITests.framework */ = {isa = PBXFileReference; explicitFileType = wrapper.framework; includeInIndex = 0; path = Pods_Tracker_JawnUITests.framework; sourceTree = BUILT_PRODUCTS_DIR; };
		E847E33FC8C9E5B2551035BA /* Pods-Tracker JawnUITests.debug.xcconfig */ = {isa = PBXFileReference; includeInIndex = 1; lastKnownFileType = text.xcconfig; name = "Pods-Tracker JawnUITests.debug.xcconfig"; path = "Pods/Target Support Files/Pods-Tracker JawnUITests/Pods-Tracker JawnUITests.debug.xcconfig"; sourceTree = "<group>"; };
		EB42C473835A3381E7CE508A /* Pods_Tracker_JawnTests.framework */ = {isa = PBXFileReference; explicitFileType = wrapper.framework; includeInIndex = 0; path = Pods_Tracker_JawnTests.framework; sourceTree = BUILT_PRODUCTS_DIR; };
/* End PBXFileReference section */

/* Begin PBXFrameworksBuildPhase section */
		428021B11EC8D6FE003E8F96 /* Frameworks */ = {
			isa = PBXFrameworksBuildPhase;
			buildActionMask = 2147483647;
			files = (
				4FF64CE6C6FB8ED98C80A562 /* Pods_Tracker_Jawn.framework in Frameworks */,
			);
			runOnlyForDeploymentPostprocessing = 0;
		};
		428021C51EC8D6FE003E8F96 /* Frameworks */ = {
			isa = PBXFrameworksBuildPhase;
			buildActionMask = 2147483647;
			files = (
				4A70CCE2BD5DED4E3BAF4424 /* Pods_Tracker_JawnTests.framework in Frameworks */,
			);
			runOnlyForDeploymentPostprocessing = 0;
		};
		428021D01EC8D6FE003E8F96 /* Frameworks */ = {
			isa = PBXFrameworksBuildPhase;
			buildActionMask = 2147483647;
			files = (
				C11DB46FB02E9C1B046AF266 /* Pods_Tracker_JawnUITests.framework in Frameworks */,
			);
			runOnlyForDeploymentPostprocessing = 0;
		};
/* End PBXFrameworksBuildPhase section */

/* Begin PBXGroup section */
		425C5FFF1ECA8B2B009DE6DD /* Views */ = {
			isa = PBXGroup;
			children = (
				42D9B5391EE4E955006F111A /* MainLabel.swift */,
				425E16D81EDE496C00C98183 /* Main Screen */,
				425E16D91EDE497400C98183 /* Profile View */,
				425E16DA1EDE499000C98183 /* History View */,
			);
			name = Views;
			sourceTree = "<group>";
		};
		425C60001ECA8B48009DE6DD /* Resources */ = {
			isa = PBXGroup;
			children = (
				4294AC4E1EDB67FF00D5CC52 /* Libraries */,
				4294ABFF1EDA506C00D5CC52 /* Fonts */,
				42AA1B091ED3B05A003697D6 /* Factories */,
				426C1C451ECD2C3B004BDC36 /* Data Initializers */,
				426C1C421ECCE851004BDC36 /* Extensions */,
				428021FD1ECA4C50003E8F96 /* Literals.swift */,
				42D0A3011EDBA547004084F5 /* ChartFormatters.swift */,
			);
			name = Resources;
			sourceTree = "<group>";
		};
		425C60081ECADA88009DE6DD /* Models */ = {
			isa = PBXGroup;
			children = (
				425C60061ECADA81009DE6DD /* ExpenseCalendar.swift */,
				42779DAC1ED0E5B400F8628E /* Util.swift */,
				426C1BFD1ECC1FEC004BDC36 /* TrackerJawn.xcdatamodeld */,
			);
			name = Models;
			sourceTree = "<group>";
		};
		425E16D51EDE330500C98183 /* Main Screen */ = {
			isa = PBXGroup;
			children = (
				428021E51EC8E452003E8F96 /* MainViewController.swift */,
			);
			name = "Main Screen";
			sourceTree = "<group>";
		};
		425E16D81EDE496C00C98183 /* Main Screen */ = {
			isa = PBXGroup;
			children = (
				425C5FFD1ECA8A93009DE6DD /* InputLabelView.swift */,
				428021FB1ECA3DFA003E8F96 /* NumberKey.swift */,
				42D9B53B1EE4F2D4006F111A /* NumberpadKeyConstants.swift */,
				425C60041ECACF78009DE6DD /* ImageKey.swift */,
				428021FF1ECA6445003E8F96 /* NumberPad.swift */,
				425E16DB1EDE62FC00C98183 /* TagInputView.swift */,
			);
			name = "Main Screen";
			sourceTree = "<group>";
		};
		425E16D91EDE497400C98183 /* Profile View */ = {
			isa = PBXGroup;
			children = (
				42C6AA2F1ED7877600F9FFCF /* ProfileView.swift */,
				4294ABFB1ED8F00A00D5CC52 /* ProfileStatView.swift */,
			);
			name = "Profile View";
			sourceTree = "<group>";
		};
		425E16DA1EDE499000C98183 /* History View */ = {
			isa = PBXGroup;
			children = (
				42617CC51ED0EF73000F3DAD /* HistoryTableViewCell.swift */,
				426C6D151ED24DF1001419B3 /* DailyHistoryTableViewCell.swift */,
			);
			name = "History View";
			sourceTree = "<group>";
		};
		426C1C3F1ECCD245004BDC36 /* DataManagers */ = {
			isa = PBXGroup;
			children = (
				426C1C401ECCD25F004BDC36 /* CoreDataManager.swift */,
			);
			name = DataManagers;
			sourceTree = "<group>";
		};
		426C1C421ECCE851004BDC36 /* Extensions */ = {
			isa = PBXGroup;
			children = (
				426C1C431ECD2041004BDC36 /* TJDate.swift */,
				42726D951ED35400006D821B /* TJWeek.swift */,
				42779DA91ECE7ED000F8628E /* NSDate.swift */,
				42779DA61ECE7EC400F8628E /* Date.swift */,
				4294ABFD1EDA0E7A00D5CC52 /* UIColor.swift */,
				42D9B5371EE4DFC5006F111A /* String.swift */,
			);
			name = Extensions;
			sourceTree = "<group>";
		};
		426C1C451ECD2C3B004BDC36 /* Data Initializers */ = {
			isa = PBXGroup;
			children = (
				426C1C471ECD2C77004BDC36 /* TJDateTest_Initializer.swift */,
			);
			name = "Data Initializers";
			sourceTree = "<group>";
		};
		426C1C491ECD2D9C004BDC36 /* View Controllers */ = {
			isa = PBXGroup;
			children = (
				428021E71EC93044003E8F96 /* MainTabBarController.swift */,
				425E16D51EDE330500C98183 /* Main Screen */,
				42AA1B061ED3AE3D003697D6 /* Profile View Controllers */,
				426C6D121ED22B02001419B3 /* History View Controllers */,
			);
			name = "View Controllers";
			sourceTree = "<group>";
		};
		426C6D121ED22B02001419B3 /* History View Controllers */ = {
			isa = PBXGroup;
			children = (
				426C6D0E1ED22511001419B3 /* HistoryNavController.swift */,
				4257DD5A1EEDBAF7003DEAC1 /* AddExpenseToDayViewController.swift */,
				428021F11EC938D8003E8F96 /* HistoryTableViewController.swift */,
				426C6D131ED22B50001419B3 /* SingleDayTableViewController.swift */,
			);
			name = "History View Controllers";
			sourceTree = "<group>";
		};
		428021AB1EC8D6FD003E8F96 = {
			isa = PBXGroup;
			children = (
				428021B61EC8D6FE003E8F96 /* Tracker Jawn */,
				428021BE1EC8D6FE003E8F96 /* Assets.xcassets */,
				428021CB1EC8D6FE003E8F96 /* Tracker JawnTests */,
				428021D61EC8D6FE003E8F96 /* Tracker JawnUITests */,
				428021B51EC8D6FE003E8F96 /* Products */,
				6BDB21ACE2561E756E8C284A /* Pods */,
				FAE3B0280FA2486F4B60D046 /* Frameworks */,
			);
			sourceTree = "<group>";
		};
		428021B51EC8D6FE003E8F96 /* Products */ = {
			isa = PBXGroup;
			children = (
				428021B41EC8D6FE003E8F96 /* Tracker Jawn.app */,
				428021C81EC8D6FE003E8F96 /* Tracker JawnTests.xctest */,
				428021D31EC8D6FE003E8F96 /* Tracker JawnUITests.xctest */,
			);
			name = Products;
			sourceTree = "<group>";
		};
		428021B61EC8D6FE003E8F96 /* Tracker Jawn */ = {
			isa = PBXGroup;
			children = (
				428021B71EC8D6FE003E8F96 /* AppDelegate.swift */,
				428021C01EC8D6FE003E8F96 /* LaunchScreen.storyboard */,
				428021C31EC8D6FE003E8F96 /* Info.plist */,
				426C1C491ECD2D9C004BDC36 /* View Controllers */,
				425C5FFF1ECA8B2B009DE6DD /* Views */,
				426C1C3F1ECCD245004BDC36 /* DataManagers */,
				425C60081ECADA88009DE6DD /* Models */,
				425C60001ECA8B48009DE6DD /* Resources */,
			);
			path = "Tracker Jawn";
			sourceTree = "<group>";
		};
		428021CB1EC8D6FE003E8F96 /* Tracker JawnTests */ = {
			isa = PBXGroup;
			children = (
				428021CE1EC8D6FE003E8F96 /* Info.plist */,
				428021CC1EC8D6FE003E8F96 /* Tracker_JawnTests.swift */,
			);
			path = "Tracker JawnTests";
			sourceTree = "<group>";
		};
		428021D61EC8D6FE003E8F96 /* Tracker JawnUITests */ = {
			isa = PBXGroup;
			children = (
				428021D71EC8D6FE003E8F96 /* Tracker_JawnUITests.swift */,
				428021D91EC8D6FE003E8F96 /* Info.plist */,
			);
			path = "Tracker JawnUITests";
			sourceTree = "<group>";
		};
		4294ABFF1EDA506C00D5CC52 /* Fonts */ = {
			isa = PBXGroup;
			children = (
				4294AC2D1EDB588E00D5CC52 /* Open_Sans */,
			);
			name = Fonts;
			sourceTree = "<group>";
		};
		4294AC2D1EDB588E00D5CC52 /* Open_Sans */ = {
			isa = PBXGroup;
			children = (
				4294AC2E1EDB588E00D5CC52 /* OpenSans-Bold.ttf */,
				4294AC2F1EDB588E00D5CC52 /* OpenSans-BoldItalic.ttf */,
				4294AC301EDB588E00D5CC52 /* OpenSans-ExtraBold.ttf */,
				4294AC311EDB588E00D5CC52 /* OpenSans-ExtraBoldItalic.ttf */,
				4294AC321EDB588E00D5CC52 /* OpenSans-Italic.ttf */,
				4294AC331EDB588E00D5CC52 /* OpenSans-Light.ttf */,
				4294AC341EDB588E00D5CC52 /* OpenSans-LightItalic.ttf */,
				4294AC351EDB588E00D5CC52 /* OpenSans-Regular.ttf */,
				4294AC361EDB588E00D5CC52 /* OpenSans-Semibold.ttf */,
				4294AC371EDB588E00D5CC52 /* OpenSans-SemiboldItalic.ttf */,
			);
			path = Open_Sans;
			sourceTree = "<group>";
		};
		4294AC4E1EDB67FF00D5CC52 /* Libraries */ = {
			isa = PBXGroup;
			children = (
			);
			name = Libraries;
			sourceTree = "<group>";
		};
		42AA1B061ED3AE3D003697D6 /* Profile View Controllers */ = {
			isa = PBXGroup;
			children = (
				42AA1B071ED3AE6E003697D6 /* ProfileNavController.swift */,
				426C1BF91ECBC1AF004BDC36 /* ProfileViewController.swift */,
			);
			name = "Profile View Controllers";
			sourceTree = "<group>";
		};
		42AA1B091ED3B05A003697D6 /* Factories */ = {
			isa = PBXGroup;
			children = (
				42AA1B0A1ED3B07F003697D6 /* UtilFactories.swift */,
			);
			name = Factories;
			sourceTree = "<group>";
		};
		6BDB21ACE2561E756E8C284A /* Pods */ = {
			isa = PBXGroup;
			children = (
				B4E1A80DA09C8EB16A422278 /* Pods-Tracker Jawn.debug.xcconfig */,
				585D1C2312A763660EED0F53 /* Pods-Tracker Jawn.release.xcconfig */,
				1952D7DA8E3715B54D9E77D7 /* Pods-Tracker JawnTests.debug.xcconfig */,
				9DD690B8F2E1738F46A06FFB /* Pods-Tracker JawnTests.release.xcconfig */,
				E847E33FC8C9E5B2551035BA /* Pods-Tracker JawnUITests.debug.xcconfig */,
				2B04A020A882A77BD4B9C5E2 /* Pods-Tracker JawnUITests.release.xcconfig */,
			);
			name = Pods;
			sourceTree = "<group>";
		};
		FAE3B0280FA2486F4B60D046 /* Frameworks */ = {
			isa = PBXGroup;
			children = (
				25B287768C249090155D2D93 /* Pods_Tracker_Jawn.framework */,
				EB42C473835A3381E7CE508A /* Pods_Tracker_JawnTests.framework */,
				C18263C821059B5F3C19D026 /* Pods_Tracker_JawnUITests.framework */,
			);
			name = Frameworks;
			sourceTree = "<group>";
		};
/* End PBXGroup section */

/* Begin PBXNativeTarget section */
		428021B31EC8D6FE003E8F96 /* Tracker Jawn */ = {
			isa = PBXNativeTarget;
			buildConfigurationList = 428021DC1EC8D6FE003E8F96 /* Build configuration list for PBXNativeTarget "Tracker Jawn" */;
			buildPhases = (
				3EB5D10826DCDF0360EBD725 /* [CP] Check Pods Manifest.lock */,
				428021B01EC8D6FE003E8F96 /* Sources */,
				428021B11EC8D6FE003E8F96 /* Frameworks */,
				428021B21EC8D6FE003E8F96 /* Resources */,
				4294AC5C1EDB686C00D5CC52 /* Embed Frameworks */,
				89A4D702A3291F583E1E70A7 /* [CP] Embed Pods Frameworks */,
				13BE9847A35530264485BD52 /* [CP] Copy Pods Resources */,
			);
			buildRules = (
			);
			dependencies = (
			);
			name = "Tracker Jawn";
			productName = "Tracker Jawn";
			productReference = 428021B41EC8D6FE003E8F96 /* Tracker Jawn.app */;
			productType = "com.apple.product-type.application";
		};
		428021C71EC8D6FE003E8F96 /* Tracker JawnTests */ = {
			isa = PBXNativeTarget;
			buildConfigurationList = 428021DF1EC8D6FE003E8F96 /* Build configuration list for PBXNativeTarget "Tracker JawnTests" */;
			buildPhases = (
				F7C0E7112183A6544B76DC26 /* [CP] Check Pods Manifest.lock */,
				428021C41EC8D6FE003E8F96 /* Sources */,
				428021C51EC8D6FE003E8F96 /* Frameworks */,
				428021C61EC8D6FE003E8F96 /* Resources */,
				0D8CD8D3A5437A7BC1A093A0 /* [CP] Embed Pods Frameworks */,
				B06ADE7853FB8750A602C138 /* [CP] Copy Pods Resources */,
			);
			buildRules = (
			);
			dependencies = (
				428021CA1EC8D6FE003E8F96 /* PBXTargetDependency */,
			);
			name = "Tracker JawnTests";
			productName = "Tracker JawnTests";
			productReference = 428021C81EC8D6FE003E8F96 /* Tracker JawnTests.xctest */;
			productType = "com.apple.product-type.bundle.unit-test";
		};
		428021D21EC8D6FE003E8F96 /* Tracker JawnUITests */ = {
			isa = PBXNativeTarget;
			buildConfigurationList = 428021E21EC8D6FE003E8F96 /* Build configuration list for PBXNativeTarget "Tracker JawnUITests" */;
			buildPhases = (
				4466F50EA6B9EE9C46430320 /* [CP] Check Pods Manifest.lock */,
				428021CF1EC8D6FE003E8F96 /* Sources */,
				428021D01EC8D6FE003E8F96 /* Frameworks */,
				428021D11EC8D6FE003E8F96 /* Resources */,
				4033C356B1370FA76A958203 /* [CP] Embed Pods Frameworks */,
				1A1AFD51B6FE9C2640E63C73 /* [CP] Copy Pods Resources */,
			);
			buildRules = (
			);
			dependencies = (
				428021D51EC8D6FE003E8F96 /* PBXTargetDependency */,
			);
			name = "Tracker JawnUITests";
			productName = "Tracker JawnUITests";
			productReference = 428021D31EC8D6FE003E8F96 /* Tracker JawnUITests.xctest */;
			productType = "com.apple.product-type.bundle.ui-testing";
		};
/* End PBXNativeTarget section */

/* Begin PBXProject section */
		428021AC1EC8D6FD003E8F96 /* Project object */ = {
			isa = PBXProject;
			attributes = {
				LastSwiftUpdateCheck = 0820;
				LastUpgradeCheck = 0820;
				ORGANIZATIONNAME = Torin;
				TargetAttributes = {
					428021B31EC8D6FE003E8F96 = {
						CreatedOnToolsVersion = 8.2.1;
						DevelopmentTeam = XYWGLFH42L;
						ProvisioningStyle = Automatic;
					};
					428021C71EC8D6FE003E8F96 = {
						CreatedOnToolsVersion = 8.2.1;
						DevelopmentTeam = XYWGLFH42L;
						ProvisioningStyle = Automatic;
						TestTargetID = 428021B31EC8D6FE003E8F96;
					};
					428021D21EC8D6FE003E8F96 = {
						CreatedOnToolsVersion = 8.2.1;
						DevelopmentTeam = XYWGLFH42L;
						ProvisioningStyle = Automatic;
						TestTargetID = 428021B31EC8D6FE003E8F96;
					};
				};
			};
			buildConfigurationList = 428021AF1EC8D6FD003E8F96 /* Build configuration list for PBXProject "Tracker Jawn" */;
			compatibilityVersion = "Xcode 3.2";
			developmentRegion = English;
			hasScannedForEncodings = 0;
			knownRegions = (
				en,
				Base,
			);
			mainGroup = 428021AB1EC8D6FD003E8F96;
			productRefGroup = 428021B51EC8D6FE003E8F96 /* Products */;
			projectDirPath = "";
			projectRoot = "";
			targets = (
				428021B31EC8D6FE003E8F96 /* Tracker Jawn */,
				428021C71EC8D6FE003E8F96 /* Tracker JawnTests */,
				428021D21EC8D6FE003E8F96 /* Tracker JawnUITests */,
			);
		};
/* End PBXProject section */

/* Begin PBXResourcesBuildPhase section */
		428021B21EC8D6FE003E8F96 /* Resources */ = {
			isa = PBXResourcesBuildPhase;
			buildActionMask = 2147483647;
			files = (
				4294AC3D1EDB588E00D5CC52 /* OpenSans-Light.ttf in Resources */,
				428021C21EC8D6FE003E8F96 /* LaunchScreen.storyboard in Resources */,
				4294AC421EDB591800D5CC52 /* Info.plist in Resources */,
				4294AC3E1EDB588E00D5CC52 /* OpenSans-LightItalic.ttf in Resources */,
				4294AC401EDB588E00D5CC52 /* OpenSans-Semibold.ttf in Resources */,
				4294AC411EDB588E00D5CC52 /* OpenSans-SemiboldItalic.ttf in Resources */,
				4294AC381EDB588E00D5CC52 /* OpenSans-Bold.ttf in Resources */,
				4294AC391EDB588E00D5CC52 /* OpenSans-BoldItalic.ttf in Resources */,
				4294AC3F1EDB588E00D5CC52 /* OpenSans-Regular.ttf in Resources */,
				428021BF1EC8D6FE003E8F96 /* Assets.xcassets in Resources */,
				4294AC3C1EDB588E00D5CC52 /* OpenSans-Italic.ttf in Resources */,
				4294AC3B1EDB588E00D5CC52 /* OpenSans-ExtraBoldItalic.ttf in Resources */,
				4294AC3A1EDB588E00D5CC52 /* OpenSans-ExtraBold.ttf in Resources */,
			);
			runOnlyForDeploymentPostprocessing = 0;
		};
		428021C61EC8D6FE003E8F96 /* Resources */ = {
			isa = PBXResourcesBuildPhase;
			buildActionMask = 2147483647;
			files = (
			);
			runOnlyForDeploymentPostprocessing = 0;
		};
		428021D11EC8D6FE003E8F96 /* Resources */ = {
			isa = PBXResourcesBuildPhase;
			buildActionMask = 2147483647;
			files = (
			);
			runOnlyForDeploymentPostprocessing = 0;
		};
/* End PBXResourcesBuildPhase section */

/* Begin PBXShellScriptBuildPhase section */
		0D8CD8D3A5437A7BC1A093A0 /* [CP] Embed Pods Frameworks */ = {
			isa = PBXShellScriptBuildPhase;
			buildActionMask = 2147483647;
			files = (
			);
			inputPaths = (
			);
			name = "[CP] Embed Pods Frameworks";
			outputPaths = (
			);
			runOnlyForDeploymentPostprocessing = 0;
			shellPath = /bin/sh;
			shellScript = "\"${SRCROOT}/Pods/Target Support Files/Pods-Tracker JawnTests/Pods-Tracker JawnTests-frameworks.sh\"\n";
			showEnvVarsInLog = 0;
		};
		13BE9847A35530264485BD52 /* [CP] Copy Pods Resources */ = {
			isa = PBXShellScriptBuildPhase;
			buildActionMask = 2147483647;
			files = (
			);
			inputPaths = (
			);
			name = "[CP] Copy Pods Resources";
			outputPaths = (
			);
			runOnlyForDeploymentPostprocessing = 0;
			shellPath = /bin/sh;
			shellScript = "\"${SRCROOT}/Pods/Target Support Files/Pods-Tracker Jawn/Pods-Tracker Jawn-resources.sh\"\n";
			showEnvVarsInLog = 0;
		};
		1A1AFD51B6FE9C2640E63C73 /* [CP] Copy Pods Resources */ = {
			isa = PBXShellScriptBuildPhase;
			buildActionMask = 2147483647;
			files = (
			);
			inputPaths = (
			);
			name = "[CP] Copy Pods Resources";
			outputPaths = (
			);
			runOnlyForDeploymentPostprocessing = 0;
			shellPath = /bin/sh;
			shellScript = "\"${SRCROOT}/Pods/Target Support Files/Pods-Tracker JawnUITests/Pods-Tracker JawnUITests-resources.sh\"\n";
			showEnvVarsInLog = 0;
		};
		3EB5D10826DCDF0360EBD725 /* [CP] Check Pods Manifest.lock */ = {
			isa = PBXShellScriptBuildPhase;
			buildActionMask = 2147483647;
			files = (
			);
			inputPaths = (
			);
			name = "[CP] Check Pods Manifest.lock";
			outputPaths = (
			);
			runOnlyForDeploymentPostprocessing = 0;
			shellPath = /bin/sh;
			shellScript = "diff \"${PODS_PODFILE_DIR_PATH}/Podfile.lock\" \"${PODS_ROOT}/Manifest.lock\" > /dev/null\nif [ $? != 0 ] ; then\n    # print error to STDERR\n    echo \"error: The sandbox is not in sync with the Podfile.lock. Run 'pod install' or update your CocoaPods installation.\" >&2\n    exit 1\nfi\n";
			showEnvVarsInLog = 0;
		};
		4033C356B1370FA76A958203 /* [CP] Embed Pods Frameworks */ = {
			isa = PBXShellScriptBuildPhase;
			buildActionMask = 2147483647;
			files = (
			);
			inputPaths = (
			);
			name = "[CP] Embed Pods Frameworks";
			outputPaths = (
			);
			runOnlyForDeploymentPostprocessing = 0;
			shellPath = /bin/sh;
			shellScript = "\"${SRCROOT}/Pods/Target Support Files/Pods-Tracker JawnUITests/Pods-Tracker JawnUITests-frameworks.sh\"\n";
			showEnvVarsInLog = 0;
		};
		4466F50EA6B9EE9C46430320 /* [CP] Check Pods Manifest.lock */ = {
			isa = PBXShellScriptBuildPhase;
			buildActionMask = 2147483647;
			files = (
			);
			inputPaths = (
			);
			name = "[CP] Check Pods Manifest.lock";
			outputPaths = (
			);
			runOnlyForDeploymentPostprocessing = 0;
			shellPath = /bin/sh;
			shellScript = "diff \"${PODS_PODFILE_DIR_PATH}/Podfile.lock\" \"${PODS_ROOT}/Manifest.lock\" > /dev/null\nif [ $? != 0 ] ; then\n    # print error to STDERR\n    echo \"error: The sandbox is not in sync with the Podfile.lock. Run 'pod install' or update your CocoaPods installation.\" >&2\n    exit 1\nfi\n";
			showEnvVarsInLog = 0;
		};
		89A4D702A3291F583E1E70A7 /* [CP] Embed Pods Frameworks */ = {
			isa = PBXShellScriptBuildPhase;
			buildActionMask = 2147483647;
			files = (
			);
			inputPaths = (
			);
			name = "[CP] Embed Pods Frameworks";
			outputPaths = (
			);
			runOnlyForDeploymentPostprocessing = 0;
			shellPath = /bin/sh;
			shellScript = "\"${SRCROOT}/Pods/Target Support Files/Pods-Tracker Jawn/Pods-Tracker Jawn-frameworks.sh\"\n";
			showEnvVarsInLog = 0;
		};
		B06ADE7853FB8750A602C138 /* [CP] Copy Pods Resources */ = {
			isa = PBXShellScriptBuildPhase;
			buildActionMask = 2147483647;
			files = (
			);
			inputPaths = (
			);
			name = "[CP] Copy Pods Resources";
			outputPaths = (
			);
			runOnlyForDeploymentPostprocessing = 0;
			shellPath = /bin/sh;
			shellScript = "\"${SRCROOT}/Pods/Target Support Files/Pods-Tracker JawnTests/Pods-Tracker JawnTests-resources.sh\"\n";
			showEnvVarsInLog = 0;
		};
		F7C0E7112183A6544B76DC26 /* [CP] Check Pods Manifest.lock */ = {
			isa = PBXShellScriptBuildPhase;
			buildActionMask = 2147483647;
			files = (
			);
			inputPaths = (
			);
			name = "[CP] Check Pods Manifest.lock";
			outputPaths = (
			);
			runOnlyForDeploymentPostprocessing = 0;
			shellPath = /bin/sh;
			shellScript = "diff \"${PODS_PODFILE_DIR_PATH}/Podfile.lock\" \"${PODS_ROOT}/Manifest.lock\" > /dev/null\nif [ $? != 0 ] ; then\n    # print error to STDERR\n    echo \"error: The sandbox is not in sync with the Podfile.lock. Run 'pod install' or update your CocoaPods installation.\" >&2\n    exit 1\nfi\n";
			showEnvVarsInLog = 0;
		};
/* End PBXShellScriptBuildPhase section */

/* Begin PBXSourcesBuildPhase section */
		428021B01EC8D6FE003E8F96 /* Sources */ = {
			isa = PBXSourcesBuildPhase;
			buildActionMask = 2147483647;
			files = (
				428021FC1ECA3DFA003E8F96 /* NumberKey.swift in Sources */,
				42C6AA301ED7877600F9FFCF /* ProfileView.swift in Sources */,
				42726D961ED35400006D821B /* TJWeek.swift in Sources */,
				42AA1B0B1ED3B07F003697D6 /* UtilFactories.swift in Sources */,
				42D9B5381EE4DFC5006F111A /* String.swift in Sources */,
				4294ABFE1EDA0E7A00D5CC52 /* UIColor.swift in Sources */,
				425C60051ECACF78009DE6DD /* ImageKey.swift in Sources */,
				425E16DC1EDE62FC00C98183 /* TagInputView.swift in Sources */,
				426C1C481ECD2C77004BDC36 /* TJDateTest_Initializer.swift in Sources */,
				426C1C441ECD2041004BDC36 /* TJDate.swift in Sources */,
				426C1C411ECCD25F004BDC36 /* CoreDataManager.swift in Sources */,
				4257DD5B1EEDBAF7003DEAC1 /* AddExpenseToDayViewController.swift in Sources */,
				4294ABFC1ED8F00A00D5CC52 /* ProfileStatView.swift in Sources */,
				428022001ECA6445003E8F96 /* NumberPad.swift in Sources */,
				428021B81EC8D6FE003E8F96 /* AppDelegate.swift in Sources */,
				426C6D0F1ED22511001419B3 /* HistoryNavController.swift in Sources */,
				42779DAD1ED0E5B400F8628E /* Util.swift in Sources */,
				42D0A3021EDBA547004084F5 /* ChartFormatters.swift in Sources */,
				425C5FFE1ECA8A93009DE6DD /* InputLabelView.swift in Sources */,
				426C6D161ED24DF1001419B3 /* DailyHistoryTableViewCell.swift in Sources */,
				42617CC61ED0EF73000F3DAD /* HistoryTableViewCell.swift in Sources */,
				42D9B53C1EE4F2D4006F111A /* NumberpadKeyConstants.swift in Sources */,
				428021E61EC8E452003E8F96 /* MainViewController.swift in Sources */,
				425C60071ECADA81009DE6DD /* ExpenseCalendar.swift in Sources */,
				428021E81EC93044003E8F96 /* MainTabBarController.swift in Sources */,
				42AA1B081ED3AE6E003697D6 /* ProfileNavController.swift in Sources */,
				428021F21EC938D8003E8F96 /* HistoryTableViewController.swift in Sources */,
				426C6D141ED22B50001419B3 /* SingleDayTableViewController.swift in Sources */,
				42779DAA1ECE7ED000F8628E /* NSDate.swift in Sources */,
				426C1BFF1ECC1FEC004BDC36 /* TrackerJawn.xcdatamodeld in Sources */,
				42D9B53A1EE4E955006F111A /* MainLabel.swift in Sources */,
				42779DA71ECE7EC400F8628E /* Date.swift in Sources */,
				426C1BFA1ECBC1AF004BDC36 /* ProfileViewController.swift in Sources */,
				428021FE1ECA4C50003E8F96 /* Literals.swift in Sources */,
			);
			runOnlyForDeploymentPostprocessing = 0;
		};
		428021C41EC8D6FE003E8F96 /* Sources */ = {
			isa = PBXSourcesBuildPhase;
			buildActionMask = 2147483647;
			files = (
				428021CD1EC8D6FE003E8F96 /* Tracker_JawnTests.swift in Sources */,
			);
			runOnlyForDeploymentPostprocessing = 0;
		};
		428021CF1EC8D6FE003E8F96 /* Sources */ = {
			isa = PBXSourcesBuildPhase;
			buildActionMask = 2147483647;
			files = (
				428021D81EC8D6FE003E8F96 /* Tracker_JawnUITests.swift in Sources */,
			);
			runOnlyForDeploymentPostprocessing = 0;
		};
/* End PBXSourcesBuildPhase section */

/* Begin PBXTargetDependency section */
		428021CA1EC8D6FE003E8F96 /* PBXTargetDependency */ = {
			isa = PBXTargetDependency;
			target = 428021B31EC8D6FE003E8F96 /* Tracker Jawn */;
			targetProxy = 428021C91EC8D6FE003E8F96 /* PBXContainerItemProxy */;
		};
		428021D51EC8D6FE003E8F96 /* PBXTargetDependency */ = {
			isa = PBXTargetDependency;
			target = 428021B31EC8D6FE003E8F96 /* Tracker Jawn */;
			targetProxy = 428021D41EC8D6FE003E8F96 /* PBXContainerItemProxy */;
		};
/* End PBXTargetDependency section */

/* Begin PBXVariantGroup section */
		428021C01EC8D6FE003E8F96 /* LaunchScreen.storyboard */ = {
			isa = PBXVariantGroup;
			children = (
				428021C11EC8D6FE003E8F96 /* Base */,
			);
			name = LaunchScreen.storyboard;
			sourceTree = "<group>";
		};
/* End PBXVariantGroup section */

/* Begin XCBuildConfiguration section */
		428021DA1EC8D6FE003E8F96 /* Debug */ = {
			isa = XCBuildConfiguration;
			buildSettings = {
				ALWAYS_SEARCH_USER_PATHS = NO;
				CLANG_ANALYZER_NONNULL = YES;
				CLANG_CXX_LANGUAGE_STANDARD = "gnu++0x";
				CLANG_CXX_LIBRARY = "libc++";
				CLANG_ENABLE_MODULES = YES;
				CLANG_ENABLE_OBJC_ARC = YES;
				CLANG_WARN_BOOL_CONVERSION = YES;
				CLANG_WARN_CONSTANT_CONVERSION = YES;
				CLANG_WARN_DIRECT_OBJC_ISA_USAGE = YES_ERROR;
				CLANG_WARN_DOCUMENTATION_COMMENTS = YES;
				CLANG_WARN_EMPTY_BODY = YES;
				CLANG_WARN_ENUM_CONVERSION = YES;
				CLANG_WARN_INFINITE_RECURSION = YES;
				CLANG_WARN_INT_CONVERSION = YES;
				CLANG_WARN_OBJC_ROOT_CLASS = YES_ERROR;
				CLANG_WARN_SUSPICIOUS_MOVE = YES;
				CLANG_WARN_UNREACHABLE_CODE = YES;
				CLANG_WARN__DUPLICATE_METHOD_MATCH = YES;
				"CODE_SIGN_IDENTITY[sdk=iphoneos*]" = "iPhone Developer";
				COPY_PHASE_STRIP = NO;
				DEBUG_INFORMATION_FORMAT = dwarf;
				ENABLE_STRICT_OBJC_MSGSEND = YES;
				ENABLE_TESTABILITY = YES;
				GCC_C_LANGUAGE_STANDARD = gnu99;
				GCC_DYNAMIC_NO_PIC = NO;
				GCC_NO_COMMON_BLOCKS = YES;
				GCC_OPTIMIZATION_LEVEL = 0;
				GCC_PREPROCESSOR_DEFINITIONS = (
					"DEBUG=1",
					"$(inherited)",
				);
				GCC_WARN_64_TO_32_BIT_CONVERSION = YES;
				GCC_WARN_ABOUT_RETURN_TYPE = YES_ERROR;
				GCC_WARN_UNDECLARED_SELECTOR = YES;
				GCC_WARN_UNINITIALIZED_AUTOS = YES_AGGRESSIVE;
				GCC_WARN_UNUSED_FUNCTION = YES;
				GCC_WARN_UNUSED_VARIABLE = YES;
				IPHONEOS_DEPLOYMENT_TARGET = 10.2;
				MTL_ENABLE_DEBUG_INFO = YES;
				ONLY_ACTIVE_ARCH = YES;
				SDKROOT = iphoneos;
				SWIFT_ACTIVE_COMPILATION_CONDITIONS = DEBUG;
				SWIFT_OPTIMIZATION_LEVEL = "-Onone";
			};
			name = Debug;
		};
		428021DB1EC8D6FE003E8F96 /* Release */ = {
			isa = XCBuildConfiguration;
			buildSettings = {
				ALWAYS_SEARCH_USER_PATHS = NO;
				CLANG_ANALYZER_NONNULL = YES;
				CLANG_CXX_LANGUAGE_STANDARD = "gnu++0x";
				CLANG_CXX_LIBRARY = "libc++";
				CLANG_ENABLE_MODULES = YES;
				CLANG_ENABLE_OBJC_ARC = YES;
				CLANG_WARN_BOOL_CONVERSION = YES;
				CLANG_WARN_CONSTANT_CONVERSION = YES;
				CLANG_WARN_DIRECT_OBJC_ISA_USAGE = YES_ERROR;
				CLANG_WARN_DOCUMENTATION_COMMENTS = YES;
				CLANG_WARN_EMPTY_BODY = YES;
				CLANG_WARN_ENUM_CONVERSION = YES;
				CLANG_WARN_INFINITE_RECURSION = YES;
				CLANG_WARN_INT_CONVERSION = YES;
				CLANG_WARN_OBJC_ROOT_CLASS = YES_ERROR;
				CLANG_WARN_SUSPICIOUS_MOVE = YES;
				CLANG_WARN_UNREACHABLE_CODE = YES;
				CLANG_WARN__DUPLICATE_METHOD_MATCH = YES;
				"CODE_SIGN_IDENTITY[sdk=iphoneos*]" = "iPhone Developer";
				COPY_PHASE_STRIP = NO;
				DEBUG_INFORMATION_FORMAT = "dwarf-with-dsym";
				ENABLE_NS_ASSERTIONS = NO;
				ENABLE_STRICT_OBJC_MSGSEND = YES;
				GCC_C_LANGUAGE_STANDARD = gnu99;
				GCC_NO_COMMON_BLOCKS = YES;
				GCC_WARN_64_TO_32_BIT_CONVERSION = YES;
				GCC_WARN_ABOUT_RETURN_TYPE = YES_ERROR;
				GCC_WARN_UNDECLARED_SELECTOR = YES;
				GCC_WARN_UNINITIALIZED_AUTOS = YES_AGGRESSIVE;
				GCC_WARN_UNUSED_FUNCTION = YES;
				GCC_WARN_UNUSED_VARIABLE = YES;
				IPHONEOS_DEPLOYMENT_TARGET = 10.2;
				MTL_ENABLE_DEBUG_INFO = NO;
				SDKROOT = iphoneos;
				SWIFT_OPTIMIZATION_LEVEL = "-Owholemodule";
				VALIDATE_PRODUCT = YES;
			};
			name = Release;
		};
		428021DD1EC8D6FE003E8F96 /* Debug */ = {
			isa = XCBuildConfiguration;
			baseConfigurationReference = B4E1A80DA09C8EB16A422278 /* Pods-Tracker Jawn.debug.xcconfig */;
			buildSettings = {
				ALWAYS_EMBED_SWIFT_STANDARD_LIBRARIES = "$(inherited)";
				ASSETCATALOG_COMPILER_APPICON_NAME = AppIcon;
				DEVELOPMENT_TEAM = XYWGLFH42L;
				INFOPLIST_FILE = "Tracker Jawn/Info.plist";
				IPHONEOS_DEPLOYMENT_TARGET = 10.0;
				LD_RUNPATH_SEARCH_PATHS = "$(inherited) @executable_path/Frameworks";
				PRODUCT_BUNDLE_IDENTIFIER = "com.TorinDiSalvo.Tracker-Jawn";
				PRODUCT_NAME = "$(TARGET_NAME)";
				SWIFT_VERSION = 3.0;
			};
			name = Debug;
		};
		428021DE1EC8D6FE003E8F96 /* Release */ = {
			isa = XCBuildConfiguration;
			baseConfigurationReference = 585D1C2312A763660EED0F53 /* Pods-Tracker Jawn.release.xcconfig */;
			buildSettings = {
				ALWAYS_EMBED_SWIFT_STANDARD_LIBRARIES = "$(inherited)";
				ASSETCATALOG_COMPILER_APPICON_NAME = AppIcon;
				DEVELOPMENT_TEAM = XYWGLFH42L;
				INFOPLIST_FILE = "Tracker Jawn/Info.plist";
				IPHONEOS_DEPLOYMENT_TARGET = 10.0;
				LD_RUNPATH_SEARCH_PATHS = "$(inherited) @executable_path/Frameworks";
				PRODUCT_BUNDLE_IDENTIFIER = "com.TorinDiSalvo.Tracker-Jawn";
				PRODUCT_NAME = "$(TARGET_NAME)";
				SWIFT_VERSION = 3.0;
			};
			name = Release;
		};
		428021E01EC8D6FE003E8F96 /* Debug */ = {
			isa = XCBuildConfiguration;
			baseConfigurationReference = 1952D7DA8E3715B54D9E77D7 /* Pods-Tracker JawnTests.debug.xcconfig */;
			buildSettings = {
				ALWAYS_EMBED_SWIFT_STANDARD_LIBRARIES = YES;
				BUNDLE_LOADER = "$(TEST_HOST)";
				DEVELOPMENT_TEAM = XYWGLFH42L;
				INFOPLIST_FILE = "Tracker JawnTests/Info.plist";
				LD_RUNPATH_SEARCH_PATHS = "$(inherited) @executable_path/Frameworks @loader_path/Frameworks";
				PRODUCT_BUNDLE_IDENTIFIER = "com.TorinDiSalvo.Tracker-JawnTests";
				PRODUCT_NAME = "$(TARGET_NAME)";
				SWIFT_VERSION = 3.0;
				TEST_HOST = "$(BUILT_PRODUCTS_DIR)/Tracker Jawn.app/Tracker Jawn";
			};
			name = Debug;
		};
		428021E11EC8D6FE003E8F96 /* Release */ = {
			isa = XCBuildConfiguration;
			baseConfigurationReference = 9DD690B8F2E1738F46A06FFB /* Pods-Tracker JawnTests.release.xcconfig */;
			buildSettings = {
				ALWAYS_EMBED_SWIFT_STANDARD_LIBRARIES = YES;
				BUNDLE_LOADER = "$(TEST_HOST)";
				DEVELOPMENT_TEAM = XYWGLFH42L;
				INFOPLIST_FILE = "Tracker JawnTests/Info.plist";
				LD_RUNPATH_SEARCH_PATHS = "$(inherited) @executable_path/Frameworks @loader_path/Frameworks";
				PRODUCT_BUNDLE_IDENTIFIER = "com.TorinDiSalvo.Tracker-JawnTests";
				PRODUCT_NAME = "$(TARGET_NAME)";
				SWIFT_VERSION = 3.0;
				TEST_HOST = "$(BUILT_PRODUCTS_DIR)/Tracker Jawn.app/Tracker Jawn";
			};
			name = Release;
		};
		428021E31EC8D6FE003E8F96 /* Debug */ = {
			isa = XCBuildConfiguration;
			baseConfigurationReference = E847E33FC8C9E5B2551035BA /* Pods-Tracker JawnUITests.debug.xcconfig */;
			buildSettings = {
				ALWAYS_EMBED_SWIFT_STANDARD_LIBRARIES = YES;
				DEVELOPMENT_TEAM = XYWGLFH42L;
				INFOPLIST_FILE = "Tracker JawnUITests/Info.plist";
				LD_RUNPATH_SEARCH_PATHS = "$(inherited) @executable_path/Frameworks @loader_path/Frameworks";
				PRODUCT_BUNDLE_IDENTIFIER = "com.TorinDiSalvo.Tracker-JawnUITests";
				PRODUCT_NAME = "$(TARGET_NAME)";
				SWIFT_VERSION = 3.0;
				TEST_TARGET_NAME = "Tracker Jawn";
			};
			name = Debug;
		};
		428021E41EC8D6FE003E8F96 /* Release */ = {
			isa = XCBuildConfiguration;
			baseConfigurationReference = 2B04A020A882A77BD4B9C5E2 /* Pods-Tracker JawnUITests.release.xcconfig */;
			buildSettings = {
				ALWAYS_EMBED_SWIFT_STANDARD_LIBRARIES = YES;
				DEVELOPMENT_TEAM = XYWGLFH42L;
				INFOPLIST_FILE = "Tracker JawnUITests/Info.plist";
				LD_RUNPATH_SEARCH_PATHS = "$(inherited) @executable_path/Frameworks @loader_path/Frameworks";
				PRODUCT_BUNDLE_IDENTIFIER = "com.TorinDiSalvo.Tracker-JawnUITests";
				PRODUCT_NAME = "$(TARGET_NAME)";
				SWIFT_VERSION = 3.0;
				TEST_TARGET_NAME = "Tracker Jawn";
			};
			name = Release;
		};
/* End XCBuildConfiguration section */

/* Begin XCConfigurationList section */
		428021AF1EC8D6FD003E8F96 /* Build configuration list for PBXProject "Tracker Jawn" */ = {
			isa = XCConfigurationList;
			buildConfigurations = (
				428021DA1EC8D6FE003E8F96 /* Debug */,
				428021DB1EC8D6FE003E8F96 /* Release */,
			);
			defaultConfigurationIsVisible = 0;
			defaultConfigurationName = Release;
		};
		428021DC1EC8D6FE003E8F96 /* Build configuration list for PBXNativeTarget "Tracker Jawn" */ = {
			isa = XCConfigurationList;
			buildConfigurations = (
				428021DD1EC8D6FE003E8F96 /* Debug */,
				428021DE1EC8D6FE003E8F96 /* Release */,
			);
			defaultConfigurationIsVisible = 0;
			defaultConfigurationName = Release;
		};
		428021DF1EC8D6FE003E8F96 /* Build configuration list for PBXNativeTarget "Tracker JawnTests" */ = {
			isa = XCConfigurationList;
			buildConfigurations = (
				428021E01EC8D6FE003E8F96 /* Debug */,
				428021E11EC8D6FE003E8F96 /* Release */,
			);
			defaultConfigurationIsVisible = 0;
			defaultConfigurationName = Release;
		};
		428021E21EC8D6FE003E8F96 /* Build configuration list for PBXNativeTarget "Tracker JawnUITests" */ = {
			isa = XCConfigurationList;
			buildConfigurations = (
				428021E31EC8D6FE003E8F96 /* Debug */,
				428021E41EC8D6FE003E8F96 /* Release */,
			);
			defaultConfigurationIsVisible = 0;
			defaultConfigurationName = Release;
		};
/* End XCConfigurationList section */

/* Begin XCVersionGroup section */
		426C1BFD1ECC1FEC004BDC36 /* TrackerJawn.xcdatamodeld */ = {
			isa = XCVersionGroup;
			children = (
				426C1BFE1ECC1FEC004BDC36 /* TrackerJawn.xcdatamodel */,
			);
			currentVersion = 426C1BFE1ECC1FEC004BDC36 /* TrackerJawn.xcdatamodel */;
			path = TrackerJawn.xcdatamodeld;
			sourceTree = "<group>";
			versionGroupType = wrapper.xcdatamodel;
		};
/* End XCVersionGroup section */
	};
	rootObject = 428021AC1EC8D6FD003E8F96 /* Project object */;
}
