// !$*UTF8*$!
{
	archiveVersion = 1;
	classes = {
	};
	objectVersion = 46;
	objects = {

/* Begin PBXBuildFile section */
		425C5FFE1ECA8A93009DE6DD /* InputLabelView.swift in Sources */ = {isa = PBXBuildFile; fileRef = 425C5FFD1ECA8A93009DE6DD /* InputLabelView.swift */; };
		425C60021ECAC37E009DE6DD /* NumberpadTouchDelegate.swift in Sources */ = {isa = PBXBuildFile; fileRef = 425C60011ECAC37E009DE6DD /* NumberpadTouchDelegate.swift */; };
		425C60051ECACF78009DE6DD /* ImageKey.swift in Sources */ = {isa = PBXBuildFile; fileRef = 425C60041ECACF78009DE6DD /* ImageKey.swift */; };
		425C60071ECADA81009DE6DD /* ExpenseCalendar.swift in Sources */ = {isa = PBXBuildFile; fileRef = 425C60061ECADA81009DE6DD /* ExpenseCalendar.swift */; };
		426C1BFA1ECBC1AF004BDC36 /* StatsViewController.swift in Sources */ = {isa = PBXBuildFile; fileRef = 426C1BF91ECBC1AF004BDC36 /* StatsViewController.swift */; };
		426C1BFF1ECC1FEC004BDC36 /* TrackerJawn.xcdatamodeld in Sources */ = {isa = PBXBuildFile; fileRef = 426C1BFD1ECC1FEC004BDC36 /* TrackerJawn.xcdatamodeld */; };
		426C1C411ECCD25F004BDC36 /* CoreDataManager.swift in Sources */ = {isa = PBXBuildFile; fileRef = 426C1C401ECCD25F004BDC36 /* CoreDataManager.swift */; };
		426C1C441ECD2041004BDC36 /* TJDate.swift in Sources */ = {isa = PBXBuildFile; fileRef = 426C1C431ECD2041004BDC36 /* TJDate.swift */; };
		426C1C481ECD2C77004BDC36 /* TJDateTest_Initializer.swift in Sources */ = {isa = PBXBuildFile; fileRef = 426C1C471ECD2C77004BDC36 /* TJDateTest_Initializer.swift */; };
		428021B81EC8D6FE003E8F96 /* AppDelegate.swift in Sources */ = {isa = PBXBuildFile; fileRef = 428021B71EC8D6FE003E8F96 /* AppDelegate.swift */; };
		428021BF1EC8D6FE003E8F96 /* Assets.xcassets in Resources */ = {isa = PBXBuildFile; fileRef = 428021BE1EC8D6FE003E8F96 /* Assets.xcassets */; };
		428021C21EC8D6FE003E8F96 /* LaunchScreen.storyboard in Resources */ = {isa = PBXBuildFile; fileRef = 428021C01EC8D6FE003E8F96 /* LaunchScreen.storyboard */; };
		428021CD1EC8D6FE003E8F96 /* Tracker_JawnTests.swift in Sources */ = {isa = PBXBuildFile; fileRef = 428021CC1EC8D6FE003E8F96 /* Tracker_JawnTests.swift */; };
		428021D81EC8D6FE003E8F96 /* Tracker_JawnUITests.swift in Sources */ = {isa = PBXBuildFile; fileRef = 428021D71EC8D6FE003E8F96 /* Tracker_JawnUITests.swift */; };
		428021E61EC8E452003E8F96 /* MainViewController.swift in Sources */ = {isa = PBXBuildFile; fileRef = 428021E51EC8E452003E8F96 /* MainViewController.swift */; };
		428021E81EC93044003E8F96 /* MainTabBarController.swift in Sources */ = {isa = PBXBuildFile; fileRef = 428021E71EC93044003E8F96 /* MainTabBarController.swift */; };
		428021F21EC938D8003E8F96 /* HistoryViewController.swift in Sources */ = {isa = PBXBuildFile; fileRef = 428021F11EC938D8003E8F96 /* HistoryViewController.swift */; };
		428021FC1ECA3DFA003E8F96 /* NumberKey.swift in Sources */ = {isa = PBXBuildFile; fileRef = 428021FB1ECA3DFA003E8F96 /* NumberKey.swift */; };
		428021FE1ECA4C50003E8F96 /* Literals.swift in Sources */ = {isa = PBXBuildFile; fileRef = 428021FD1ECA4C50003E8F96 /* Literals.swift */; };
		428022001ECA6445003E8F96 /* NumberPad.swift in Sources */ = {isa = PBXBuildFile; fileRef = 428021FF1ECA6445003E8F96 /* NumberPad.swift */; };
/* End PBXBuildFile section */

/* Begin PBXContainerItemProxy section */
		428021C91EC8D6FE003E8F96 /* PBXContainerItemProxy */ = {
			isa = PBXContainerItemProxy;
			containerPortal = 428021AC1EC8D6FD003E8F96 /* Project object */;
			proxyType = 1;
			remoteGlobalIDString = 428021B31EC8D6FE003E8F96;
			remoteInfo = "Tracker Jawn";
		};
		428021D41EC8D6FE003E8F96 /* PBXContainerItemProxy */ = {
			isa = PBXContainerItemProxy;
			containerPortal = 428021AC1EC8D6FD003E8F96 /* Project object */;
			proxyType = 1;
			remoteGlobalIDString = 428021B31EC8D6FE003E8F96;
			remoteInfo = "Tracker Jawn";
		};
/* End PBXContainerItemProxy section */

/* Begin PBXFileReference section */
		425C5FFD1ECA8A93009DE6DD /* InputLabelView.swift */ = {isa = PBXFileReference; fileEncoding = 4; lastKnownFileType = sourcecode.swift; name = InputLabelView.swift; path = ../InputLabelView.swift; sourceTree = "<group>"; };
		425C60011ECAC37E009DE6DD /* NumberpadTouchDelegate.swift */ = {isa = PBXFileReference; fileEncoding = 4; lastKnownFileType = sourcecode.swift; path = NumberpadTouchDelegate.swift; sourceTree = "<group>"; };
		425C60041ECACF78009DE6DD /* ImageKey.swift */ = {isa = PBXFileReference; fileEncoding = 4; lastKnownFileType = sourcecode.swift; path = ImageKey.swift; sourceTree = "<group>"; };
		425C60061ECADA81009DE6DD /* ExpenseCalendar.swift */ = {isa = PBXFileReference; fileEncoding = 4; lastKnownFileType = sourcecode.swift; path = ExpenseCalendar.swift; sourceTree = "<group>"; };
		426C1BF91ECBC1AF004BDC36 /* StatsViewController.swift */ = {isa = PBXFileReference; fileEncoding = 4; lastKnownFileType = sourcecode.swift; path = StatsViewController.swift; sourceTree = "<group>"; };
		426C1BFE1ECC1FEC004BDC36 /* TrackerJawn.xcdatamodel */ = {isa = PBXFileReference; lastKnownFileType = wrapper.xcdatamodel; path = TrackerJawn.xcdatamodel; sourceTree = "<group>"; };
		426C1C401ECCD25F004BDC36 /* CoreDataManager.swift */ = {isa = PBXFileReference; fileEncoding = 4; lastKnownFileType = sourcecode.swift; path = CoreDataManager.swift; sourceTree = "<group>"; };
		426C1C431ECD2041004BDC36 /* TJDate.swift */ = {isa = PBXFileReference; fileEncoding = 4; lastKnownFileType = sourcecode.swift; path = TJDate.swift; sourceTree = "<group>"; };
		426C1C471ECD2C77004BDC36 /* TJDateTest_Initializer.swift */ = {isa = PBXFileReference; fileEncoding = 4; lastKnownFileType = sourcecode.swift; path = TJDateTest_Initializer.swift; sourceTree = "<group>"; };
		428021B41EC8D6FE003E8F96 /* Tracker Jawn.app */ = {isa = PBXFileReference; explicitFileType = wrapper.application; includeInIndex = 0; path = "Tracker Jawn.app"; sourceTree = BUILT_PRODUCTS_DIR; };
		428021B71EC8D6FE003E8F96 /* AppDelegate.swift */ = {isa = PBXFileReference; lastKnownFileType = sourcecode.swift; path = AppDelegate.swift; sourceTree = "<group>"; };
		428021BE1EC8D6FE003E8F96 /* Assets.xcassets */ = {isa = PBXFileReference; lastKnownFileType = folder.assetcatalog; name = Assets.xcassets; path = "Tracker Jawn/Assets.xcassets"; sourceTree = "<group>"; };
		428021C11EC8D6FE003E8F96 /* Base */ = {isa = PBXFileReference; lastKnownFileType = file.storyboard; name = Base; path = Base.lproj/LaunchScreen.storyboard; sourceTree = "<group>"; };
		428021C31EC8D6FE003E8F96 /* Info.plist */ = {isa = PBXFileReference; lastKnownFileType = text.plist.xml; path = Info.plist; sourceTree = "<group>"; };
		428021C81EC8D6FE003E8F96 /* Tracker JawnTests.xctest */ = {isa = PBXFileReference; explicitFileType = wrapper.cfbundle; includeInIndex = 0; path = "Tracker JawnTests.xctest"; sourceTree = BUILT_PRODUCTS_DIR; };
		428021CC1EC8D6FE003E8F96 /* Tracker_JawnTests.swift */ = {isa = PBXFileReference; lastKnownFileType = sourcecode.swift; path = Tracker_JawnTests.swift; sourceTree = "<group>"; };
		428021CE1EC8D6FE003E8F96 /* Info.plist */ = {isa = PBXFileReference; lastKnownFileType = text.plist.xml; path = Info.plist; sourceTree = "<group>"; };
		428021D31EC8D6FE003E8F96 /* Tracker JawnUITests.xctest */ = {isa = PBXFileReference; explicitFileType = wrapper.cfbundle; includeInIndex = 0; path = "Tracker JawnUITests.xctest"; sourceTree = BUILT_PRODUCTS_DIR; };
		428021D71EC8D6FE003E8F96 /* Tracker_JawnUITests.swift */ = {isa = PBXFileReference; lastKnownFileType = sourcecode.swift; path = Tracker_JawnUITests.swift; sourceTree = "<group>"; };
		428021D91EC8D6FE003E8F96 /* Info.plist */ = {isa = PBXFileReference; lastKnownFileType = text.plist.xml; path = Info.plist; sourceTree = "<group>"; };
		428021E51EC8E452003E8F96 /* MainViewController.swift */ = {isa = PBXFileReference; fileEncoding = 4; lastKnownFileType = sourcecode.swift; path = MainViewController.swift; sourceTree = "<group>"; };
		428021E71EC93044003E8F96 /* MainTabBarController.swift */ = {isa = PBXFileReference; fileEncoding = 4; lastKnownFileType = sourcecode.swift; path = MainTabBarController.swift; sourceTree = "<group>"; };
		428021F11EC938D8003E8F96 /* HistoryViewController.swift */ = {isa = PBXFileReference; fileEncoding = 4; lastKnownFileType = sourcecode.swift; name = HistoryViewController.swift; path = ../HistoryViewController.swift; sourceTree = "<group>"; };
		428021FB1ECA3DFA003E8F96 /* NumberKey.swift */ = {isa = PBXFileReference; fileEncoding = 4; lastKnownFileType = sourcecode.swift; path = NumberKey.swift; sourceTree = "<group>"; };
		428021FD1ECA4C50003E8F96 /* Literals.swift */ = {isa = PBXFileReference; fileEncoding = 4; lastKnownFileType = sourcecode.swift; path = Literals.swift; sourceTree = "<group>"; };
		428021FF1ECA6445003E8F96 /* NumberPad.swift */ = {isa = PBXFileReference; fileEncoding = 4; lastKnownFileType = sourcecode.swift; path = NumberPad.swift; sourceTree = "<group>"; };
/* End PBXFileReference section */

/* Begin PBXFrameworksBuildPhase section */
		428021B11EC8D6FE003E8F96 /* Frameworks */ = {
			isa = PBXFrameworksBuildPhase;
			buildActionMask = 2147483647;
			files = (
			);
			runOnlyForDeploymentPostprocessing = 0;
		};
		428021C51EC8D6FE003E8F96 /* Frameworks */ = {
			isa = PBXFrameworksBuildPhase;
			buildActionMask = 2147483647;
			files = (
			);
			runOnlyForDeploymentPostprocessing = 0;
		};
		428021D01EC8D6FE003E8F96 /* Frameworks */ = {
			isa = PBXFrameworksBuildPhase;
			buildActionMask = 2147483647;
			files = (
			);
			runOnlyForDeploymentPostprocessing = 0;
		};
/* End PBXFrameworksBuildPhase section */

/* Begin PBXGroup section */
		425C5FFF1ECA8B2B009DE6DD /* Views */ = {
			isa = PBXGroup;
			children = (
				425C5FFD1ECA8A93009DE6DD /* InputLabelView.swift */,
				428021FB1ECA3DFA003E8F96 /* NumberKey.swift */,
				425C60041ECACF78009DE6DD /* ImageKey.swift */,
				428021FF1ECA6445003E8F96 /* NumberPad.swift */,
			);
			name = Views;
			sourceTree = "<group>";
		};
		425C60001ECA8B48009DE6DD /* Resources */ = {
			isa = PBXGroup;
			children = (
				426C1C451ECD2C3B004BDC36 /* Data Initializers */,
				426C1C421ECCE851004BDC36 /* Extensions */,
				428021FD1ECA4C50003E8F96 /* Literals.swift */,
			);
			name = Resources;
			sourceTree = "<group>";
		};
		425C60031ECAC388009DE6DD /* Interfaces */ = {
			isa = PBXGroup;
			children = (
				425C60011ECAC37E009DE6DD /* NumberpadTouchDelegate.swift */,
			);
			name = Interfaces;
			sourceTree = "<group>";
		};
		425C60081ECADA88009DE6DD /* Models */ = {
			isa = PBXGroup;
			children = (
				425C60061ECADA81009DE6DD /* ExpenseCalendar.swift */,
				426C1BFD1ECC1FEC004BDC36 /* TrackerJawn.xcdatamodeld */,
			);
			name = Models;
			sourceTree = "<group>";
		};
		426C1C3F1ECCD245004BDC36 /* DataManagers */ = {
			isa = PBXGroup;
			children = (
				426C1C401ECCD25F004BDC36 /* CoreDataManager.swift */,
			);
			name = DataManagers;
			sourceTree = "<group>";
		};
		426C1C421ECCE851004BDC36 /* Extensions */ = {
			isa = PBXGroup;
			children = (
				426C1C431ECD2041004BDC36 /* TJDate.swift */,
			);
			name = Extensions;
			sourceTree = "<group>";
		};
		426C1C451ECD2C3B004BDC36 /* Data Initializers */ = {
			isa = PBXGroup;
			children = (
				426C1C471ECD2C77004BDC36 /* TJDateTest_Initializer.swift */,
			);
			name = "Data Initializers";
			sourceTree = "<group>";
		};
		426C1C491ECD2D9C004BDC36 /* View Controllers */ = {
			isa = PBXGroup;
			children = (
				428021E71EC93044003E8F96 /* MainTabBarController.swift */,
				426C1BF91ECBC1AF004BDC36 /* StatsViewController.swift */,
				428021F11EC938D8003E8F96 /* HistoryViewController.swift */,
				428021E51EC8E452003E8F96 /* MainViewController.swift */,
			);
			name = "View Controllers";
			sourceTree = "<group>";
		};
		428021AB1EC8D6FD003E8F96 = {
			isa = PBXGroup;
			children = (
				428021B61EC8D6FE003E8F96 /* Tracker Jawn */,
				428021BE1EC8D6FE003E8F96 /* Assets.xcassets */,
				428021CB1EC8D6FE003E8F96 /* Tracker JawnTests */,
				428021D61EC8D6FE003E8F96 /* Tracker JawnUITests */,
				428021B51EC8D6FE003E8F96 /* Products */,
			);
			sourceTree = "<group>";
		};
		428021B51EC8D6FE003E8F96 /* Products */ = {
			isa = PBXGroup;
			children = (
				428021B41EC8D6FE003E8F96 /* Tracker Jawn.app */,
				428021C81EC8D6FE003E8F96 /* Tracker JawnTests.xctest */,
				428021D31EC8D6FE003E8F96 /* Tracker JawnUITests.xctest */,
			);
			name = Products;
			sourceTree = "<group>";
		};
		428021B61EC8D6FE003E8F96 /* Tracker Jawn */ = {
			isa = PBXGroup;
			children = (
				428021B71EC8D6FE003E8F96 /* AppDelegate.swift */,
				428021C01EC8D6FE003E8F96 /* LaunchScreen.storyboard */,
				428021C31EC8D6FE003E8F96 /* Info.plist */,
				426C1C491ECD2D9C004BDC36 /* View Controllers */,
				426C1C3F1ECCD245004BDC36 /* DataManagers */,
				425C60081ECADA88009DE6DD /* Models */,
				425C5FFF1ECA8B2B009DE6DD /* Views */,
				425C60031ECAC388009DE6DD /* Interfaces */,
				425C60001ECA8B48009DE6DD /* Resources */,
			);
			path = "Tracker Jawn";
			sourceTree = "<group>";
		};
		428021CB1EC8D6FE003E8F96 /* Tracker JawnTests */ = {
			isa = PBXGroup;
			children = (
				428021CC1EC8D6FE003E8F96 /* Tracker_JawnTests.swift */,
				428021CE1EC8D6FE003E8F96 /* Info.plist */,
			);
			path = "Tracker JawnTests";
			sourceTree = "<group>";
		};
		428021D61EC8D6FE003E8F96 /* Tracker JawnUITests */ = {
			isa = PBXGroup;
			children = (
				428021D71EC8D6FE003E8F96 /* Tracker_JawnUITests.swift */,
				428021D91EC8D6FE003E8F96 /* Info.plist */,
			);
			path = "Tracker JawnUITests";
			sourceTree = "<group>";
		};
/* End PBXGroup section */

/* Begin PBXNativeTarget section */
		428021B31EC8D6FE003E8F96 /* Tracker Jawn */ = {
			isa = PBXNativeTarget;
			buildConfigurationList = 428021DC1EC8D6FE003E8F96 /* Build configuration list for PBXNativeTarget "Tracker Jawn" */;
			buildPhases = (
				428021B01EC8D6FE003E8F96 /* Sources */,
				428021B11EC8D6FE003E8F96 /* Frameworks */,
				428021B21EC8D6FE003E8F96 /* Resources */,
			);
			buildRules = (
			);
			dependencies = (
			);
			name = "Tracker Jawn";
			productName = "Tracker Jawn";
			productReference = 428021B41EC8D6FE003E8F96 /* Tracker Jawn.app */;
			productType = "com.apple.product-type.application";
		};
		428021C71EC8D6FE003E8F96 /* Tracker JawnTests */ = {
			isa = PBXNativeTarget;
			buildConfigurationList = 428021DF1EC8D6FE003E8F96 /* Build configuration list for PBXNativeTarget "Tracker JawnTests" */;
			buildPhases = (
				428021C41EC8D6FE003E8F96 /* Sources */,
				428021C51EC8D6FE003E8F96 /* Frameworks */,
				428021C61EC8D6FE003E8F96 /* Resources */,
			);
			buildRules = (
			);
			dependencies = (
				428021CA1EC8D6FE003E8F96 /* PBXTargetDependency */,
			);
			name = "Tracker JawnTests";
			productName = "Tracker JawnTests";
			productReference = 428021C81EC8D6FE003E8F96 /* Tracker JawnTests.xctest */;
			productType = "com.apple.product-type.bundle.unit-test";
		};
		428021D21EC8D6FE003E8F96 /* Tracker JawnUITests */ = {
			isa = PBXNativeTarget;
			buildConfigurationList = 428021E21EC8D6FE003E8F96 /* Build configuration list for PBXNativeTarget "Tracker JawnUITests" */;
			buildPhases = (
				428021CF1EC8D6FE003E8F96 /* Sources */,
				428021D01EC8D6FE003E8F96 /* Frameworks */,
				428021D11EC8D6FE003E8F96 /* Resources */,
			);
			buildRules = (
			);
			dependencies = (
				428021D51EC8D6FE003E8F96 /* PBXTargetDependency */,
			);
			name = "Tracker JawnUITests";
			productName = "Tracker JawnUITests";
			productReference = 428021D31EC8D6FE003E8F96 /* Tracker JawnUITests.xctest */;
			productType = "com.apple.product-type.bundle.ui-testing";
		};
/* End PBXNativeTarget section */

/* Begin PBXProject section */
		428021AC1EC8D6FD003E8F96 /* Project object */ = {
			isa = PBXProject;
			attributes = {
				LastSwiftUpdateCheck = 0820;
				LastUpgradeCheck = 0820;
				ORGANIZATIONNAME = Torin;
				TargetAttributes = {
					428021B31EC8D6FE003E8F96 = {
						CreatedOnToolsVersion = 8.2.1;
						DevelopmentTeam = XYWGLFH42L;
						ProvisioningStyle = Automatic;
					};
					428021C71EC8D6FE003E8F96 = {
						CreatedOnToolsVersion = 8.2.1;
						DevelopmentTeam = XYWGLFH42L;
						ProvisioningStyle = Automatic;
						TestTargetID = 428021B31EC8D6FE003E8F96;
					};
					428021D21EC8D6FE003E8F96 = {
						CreatedOnToolsVersion = 8.2.1;
						DevelopmentTeam = XYWGLFH42L;
						ProvisioningStyle = Automatic;
						TestTargetID = 428021B31EC8D6FE003E8F96;
					};
				};
			};
			buildConfigurationList = 428021AF1EC8D6FD003E8F96 /* Build configuration list for PBXProject "Tracker Jawn" */;
			compatibilityVersion = "Xcode 3.2";
			developmentRegion = English;
			hasScannedForEncodings = 0;
			knownRegions = (
				en,
				Base,
			);
			mainGroup = 428021AB1EC8D6FD003E8F96;
			productRefGroup = 428021B51EC8D6FE003E8F96 /* Products */;
			projectDirPath = "";
			projectRoot = "";
			targets = (
				428021B31EC8D6FE003E8F96 /* Tracker Jawn */,
				428021C71EC8D6FE003E8F96 /* Tracker JawnTests */,
				428021D21EC8D6FE003E8F96 /* Tracker JawnUITests */,
			);
		};
/* End PBXProject section */

/* Begin PBXResourcesBuildPhase section */
		428021B21EC8D6FE003E8F96 /* Resources */ = {
			isa = PBXResourcesBuildPhase;
			buildActionMask = 2147483647;
			files = (
				428021C21EC8D6FE003E8F96 /* LaunchScreen.storyboard in Resources */,
				428021BF1EC8D6FE003E8F96 /* Assets.xcassets in Resources */,
			);
			runOnlyForDeploymentPostprocessing = 0;
		};
		428021C61EC8D6FE003E8F96 /* Resources */ = {
			isa = PBXResourcesBuildPhase;
			buildActionMask = 2147483647;
			files = (
			);
			runOnlyForDeploymentPostprocessing = 0;
		};
		428021D11EC8D6FE003E8F96 /* Resources */ = {
			isa = PBXResourcesBuildPhase;
			buildActionMask = 2147483647;
			files = (
			);
			runOnlyForDeploymentPostprocessing = 0;
		};
/* End PBXResourcesBuildPhase section */

/* Begin PBXSourcesBuildPhase section */
		428021B01EC8D6FE003E8F96 /* Sources */ = {
			isa = PBXSourcesBuildPhase;
			buildActionMask = 2147483647;
			files = (
				428021FC1ECA3DFA003E8F96 /* NumberKey.swift in Sources */,
				425C60051ECACF78009DE6DD /* ImageKey.swift in Sources */,
				426C1C481ECD2C77004BDC36 /* TJDateTest_Initializer.swift in Sources */,
				426C1C441ECD2041004BDC36 /* TJDate.swift in Sources */,
				426C1C411ECCD25F004BDC36 /* CoreDataManager.swift in Sources */,
				428022001ECA6445003E8F96 /* NumberPad.swift in Sources */,
				428021B81EC8D6FE003E8F96 /* AppDelegate.swift in Sources */,
				425C5FFE1ECA8A93009DE6DD /* InputLabelView.swift in Sources */,
				428021E61EC8E452003E8F96 /* MainViewController.swift in Sources */,
				425C60071ECADA81009DE6DD /* ExpenseCalendar.swift in Sources */,
				428021E81EC93044003E8F96 /* MainTabBarController.swift in Sources */,
				428021F21EC938D8003E8F96 /* HistoryViewController.swift in Sources */,
				426C1BFF1ECC1FEC004BDC36 /* TrackerJawn.xcdatamodeld in Sources */,
				425C60021ECAC37E009DE6DD /* NumberpadTouchDelegate.swift in Sources */,
				426C1BFA1ECBC1AF004BDC36 /* StatsViewController.swift in Sources */,
				428021FE1ECA4C50003E8F96 /* Literals.swift in Sources */,
			);
			runOnlyForDeploymentPostprocessing = 0;
		};
		428021C41EC8D6FE003E8F96 /* Sources */ = {
			isa = PBXSourcesBuildPhase;
			buildActionMask = 2147483647;
			files = (
				428021CD1EC8D6FE003E8F96 /* Tracker_JawnTests.swift in Sources */,
			);
			runOnlyForDeploymentPostprocessing = 0;
		};
		428021CF1EC8D6FE003E8F96 /* Sources */ = {
			isa = PBXSourcesBuildPhase;
			buildActionMask = 2147483647;
			files = (
				428021D81EC8D6FE003E8F96 /* Tracker_JawnUITests.swift in Sources */,
			);
			runOnlyForDeploymentPostprocessing = 0;
		};
/* End PBXSourcesBuildPhase section */

/* Begin PBXTargetDependency section */
		428021CA1EC8D6FE003E8F96 /* PBXTargetDependency */ = {
			isa = PBXTargetDependency;
			target = 428021B31EC8D6FE003E8F96 /* Tracker Jawn */;
			targetProxy = 428021C91EC8D6FE003E8F96 /* PBXContainerItemProxy */;
		};
		428021D51EC8D6FE003E8F96 /* PBXTargetDependency */ = {
			isa = PBXTargetDependency;
			target = 428021B31EC8D6FE003E8F96 /* Tracker Jawn */;
			targetProxy = 428021D41EC8D6FE003E8F96 /* PBXContainerItemProxy */;
		};
/* End PBXTargetDependency section */

/* Begin PBXVariantGroup section */
		428021C01EC8D6FE003E8F96 /* LaunchScreen.storyboard */ = {
			isa = PBXVariantGroup;
			children = (
				428021C11EC8D6FE003E8F96 /* Base */,
			);
			name = LaunchScreen.storyboard;
			sourceTree = "<group>";
		};
/* End PBXVariantGroup section */

/* Begin XCBuildConfiguration section */
		428021DA1EC8D6FE003E8F96 /* Debug */ = {
			isa = XCBuildConfiguration;
			buildSettings = {
				ALWAYS_SEARCH_USER_PATHS = NO;
				CLANG_ANALYZER_NONNULL = YES;
				CLANG_CXX_LANGUAGE_STANDARD = "gnu++0x";
				CLANG_CXX_LIBRARY = "libc++";
				CLANG_ENABLE_MODULES = YES;
				CLANG_ENABLE_OBJC_ARC = YES;
				CLANG_WARN_BOOL_CONVERSION = YES;
				CLANG_WARN_CONSTANT_CONVERSION = YES;
				CLANG_WARN_DIRECT_OBJC_ISA_USAGE = YES_ERROR;
				CLANG_WARN_DOCUMENTATION_COMMENTS = YES;
				CLANG_WARN_EMPTY_BODY = YES;
				CLANG_WARN_ENUM_CONVERSION = YES;
				CLANG_WARN_INFINITE_RECURSION = YES;
				CLANG_WARN_INT_CONVERSION = YES;
				CLANG_WARN_OBJC_ROOT_CLASS = YES_ERROR;
				CLANG_WARN_SUSPICIOUS_MOVE = YES;
				CLANG_WARN_UNREACHABLE_CODE = YES;
				CLANG_WARN__DUPLICATE_METHOD_MATCH = YES;
				"CODE_SIGN_IDENTITY[sdk=iphoneos*]" = "iPhone Developer";
				COPY_PHASE_STRIP = NO;
				DEBUG_INFORMATION_FORMAT = dwarf;
				ENABLE_STRICT_OBJC_MSGSEND = YES;
				ENABLE_TESTABILITY = YES;
				GCC_C_LANGUAGE_STANDARD = gnu99;
				GCC_DYNAMIC_NO_PIC = NO;
				GCC_NO_COMMON_BLOCKS = YES;
				GCC_OPTIMIZATION_LEVEL = 0;
				GCC_PREPROCESSOR_DEFINITIONS = (
					"DEBUG=1",
					"$(inherited)",
				);
				GCC_WARN_64_TO_32_BIT_CONVERSION = YES;
				GCC_WARN_ABOUT_RETURN_TYPE = YES_ERROR;
				GCC_WARN_UNDECLARED_SELECTOR = YES;
				GCC_WARN_UNINITIALIZED_AUTOS = YES_AGGRESSIVE;
				GCC_WARN_UNUSED_FUNCTION = YES;
				GCC_WARN_UNUSED_VARIABLE = YES;
				IPHONEOS_DEPLOYMENT_TARGET = 10.2;
				MTL_ENABLE_DEBUG_INFO = YES;
				ONLY_ACTIVE_ARCH = YES;
				SDKROOT = iphoneos;
				SWIFT_ACTIVE_COMPILATION_CONDITIONS = DEBUG;
				SWIFT_OPTIMIZATION_LEVEL = "-Onone";
			};
			name = Debug;
		};
		428021DB1EC8D6FE003E8F96 /* Release */ = {
			isa = XCBuildConfiguration;
			buildSettings = {
				ALWAYS_SEARCH_USER_PATHS = NO;
				CLANG_ANALYZER_NONNULL = YES;
				CLANG_CXX_LANGUAGE_STANDARD = "gnu++0x";
				CLANG_CXX_LIBRARY = "libc++";
				CLANG_ENABLE_MODULES = YES;
				CLANG_ENABLE_OBJC_ARC = YES;
				CLANG_WARN_BOOL_CONVERSION = YES;
				CLANG_WARN_CONSTANT_CONVERSION = YES;
				CLANG_WARN_DIRECT_OBJC_ISA_USAGE = YES_ERROR;
				CLANG_WARN_DOCUMENTATION_COMMENTS = YES;
				CLANG_WARN_EMPTY_BODY = YES;
				CLANG_WARN_ENUM_CONVERSION = YES;
				CLANG_WARN_INFINITE_RECURSION = YES;
				CLANG_WARN_INT_CONVERSION = YES;
				CLANG_WARN_OBJC_ROOT_CLASS = YES_ERROR;
				CLANG_WARN_SUSPICIOUS_MOVE = YES;
				CLANG_WARN_UNREACHABLE_CODE = YES;
				CLANG_WARN__DUPLICATE_METHOD_MATCH = YES;
				"CODE_SIGN_IDENTITY[sdk=iphoneos*]" = "iPhone Developer";
				COPY_PHASE_STRIP = NO;
				DEBUG_INFORMATION_FORMAT = "dwarf-with-dsym";
				ENABLE_NS_ASSERTIONS = NO;
				ENABLE_STRICT_OBJC_MSGSEND = YES;
				GCC_C_LANGUAGE_STANDARD = gnu99;
				GCC_NO_COMMON_BLOCKS = YES;
				GCC_WARN_64_TO_32_BIT_CONVERSION = YES;
				GCC_WARN_ABOUT_RETURN_TYPE = YES_ERROR;
				GCC_WARN_UNDECLARED_SELECTOR = YES;
				GCC_WARN_UNINITIALIZED_AUTOS = YES_AGGRESSIVE;
				GCC_WARN_UNUSED_FUNCTION = YES;
				GCC_WARN_UNUSED_VARIABLE = YES;
				IPHONEOS_DEPLOYMENT_TARGET = 10.2;
				MTL_ENABLE_DEBUG_INFO = NO;
				SDKROOT = iphoneos;
				SWIFT_OPTIMIZATION_LEVEL = "-Owholemodule";
				VALIDATE_PRODUCT = YES;
			};
			name = Release;
		};
		428021DD1EC8D6FE003E8F96 /* Debug */ = {
			isa = XCBuildConfiguration;
			buildSettings = {
				ASSETCATALOG_COMPILER_APPICON_NAME = AppIcon;
				DEVELOPMENT_TEAM = XYWGLFH42L;
				INFOPLIST_FILE = "Tracker Jawn/Info.plist";
				IPHONEOS_DEPLOYMENT_TARGET = 10.0;
				LD_RUNPATH_SEARCH_PATHS = "$(inherited) @executable_path/Frameworks";
				PRODUCT_BUNDLE_IDENTIFIER = "com.TorinDiSalvo.Tracker-Jawn";
				PRODUCT_NAME = "$(TARGET_NAME)";
				SWIFT_VERSION = 3.0;
			};
			name = Debug;
		};
		428021DE1EC8D6FE003E8F96 /* Release */ = {
			isa = XCBuildConfiguration;
			buildSettings = {
				ASSETCATALOG_COMPILER_APPICON_NAME = AppIcon;
				DEVELOPMENT_TEAM = XYWGLFH42L;
				INFOPLIST_FILE = "Tracker Jawn/Info.plist";
				IPHONEOS_DEPLOYMENT_TARGET = 10.0;
				LD_RUNPATH_SEARCH_PATHS = "$(inherited) @executable_path/Frameworks";
				PRODUCT_BUNDLE_IDENTIFIER = "com.TorinDiSalvo.Tracker-Jawn";
				PRODUCT_NAME = "$(TARGET_NAME)";
				SWIFT_VERSION = 3.0;
			};
			name = Release;
		};
		428021E01EC8D6FE003E8F96 /* Debug */ = {
			isa = XCBuildConfiguration;
			buildSettings = {
				ALWAYS_EMBED_SWIFT_STANDARD_LIBRARIES = YES;
				BUNDLE_LOADER = "$(TEST_HOST)";
				DEVELOPMENT_TEAM = XYWGLFH42L;
				INFOPLIST_FILE = "Tracker JawnTests/Info.plist";
				LD_RUNPATH_SEARCH_PATHS = "$(inherited) @executable_path/Frameworks @loader_path/Frameworks";
				PRODUCT_BUNDLE_IDENTIFIER = "com.TorinDiSalvo.Tracker-JawnTests";
				PRODUCT_NAME = "$(TARGET_NAME)";
				SWIFT_VERSION = 3.0;
				TEST_HOST = "$(BUILT_PRODUCTS_DIR)/Tracker Jawn.app/Tracker Jawn";
			};
			name = Debug;
		};
		428021E11EC8D6FE003E8F96 /* Release */ = {
			isa = XCBuildConfiguration;
			buildSettings = {
				ALWAYS_EMBED_SWIFT_STANDARD_LIBRARIES = YES;
				BUNDLE_LOADER = "$(TEST_HOST)";
				DEVELOPMENT_TEAM = XYWGLFH42L;
				INFOPLIST_FILE = "Tracker JawnTests/Info.plist";
				LD_RUNPATH_SEARCH_PATHS = "$(inherited) @executable_path/Frameworks @loader_path/Frameworks";
				PRODUCT_BUNDLE_IDENTIFIER = "com.TorinDiSalvo.Tracker-JawnTests";
				PRODUCT_NAME = "$(TARGET_NAME)";
				SWIFT_VERSION = 3.0;
				TEST_HOST = "$(BUILT_PRODUCTS_DIR)/Tracker Jawn.app/Tracker Jawn";
			};
			name = Release;
		};
		428021E31EC8D6FE003E8F96 /* Debug */ = {
			isa = XCBuildConfiguration;
			buildSettings = {
				ALWAYS_EMBED_SWIFT_STANDARD_LIBRARIES = YES;
				DEVELOPMENT_TEAM = XYWGLFH42L;
				INFOPLIST_FILE = "Tracker JawnUITests/Info.plist";
				LD_RUNPATH_SEARCH_PATHS = "$(inherited) @executable_path/Frameworks @loader_path/Frameworks";
				PRODUCT_BUNDLE_IDENTIFIER = "com.TorinDiSalvo.Tracker-JawnUITests";
				PRODUCT_NAME = "$(TARGET_NAME)";
				SWIFT_VERSION = 3.0;
				TEST_TARGET_NAME = "Tracker Jawn";
			};
			name = Debug;
		};
		428021E41EC8D6FE003E8F96 /* Release */ = {
			isa = XCBuildConfiguration;
			buildSettings = {
				ALWAYS_EMBED_SWIFT_STANDARD_LIBRARIES = YES;
				DEVELOPMENT_TEAM = XYWGLFH42L;
				INFOPLIST_FILE = "Tracker JawnUITests/Info.plist";
				LD_RUNPATH_SEARCH_PATHS = "$(inherited) @executable_path/Frameworks @loader_path/Frameworks";
				PRODUCT_BUNDLE_IDENTIFIER = "com.TorinDiSalvo.Tracker-JawnUITests";
				PRODUCT_NAME = "$(TARGET_NAME)";
				SWIFT_VERSION = 3.0;
				TEST_TARGET_NAME = "Tracker Jawn";
			};
			name = Release;
		};
/* End XCBuildConfiguration section */

/* Begin XCConfigurationList section */
		428021AF1EC8D6FD003E8F96 /* Build configuration list for PBXProject "Tracker Jawn" */ = {
			isa = XCConfigurationList;
			buildConfigurations = (
				428021DA1EC8D6FE003E8F96 /* Debug */,
				428021DB1EC8D6FE003E8F96 /* Release */,
			);
			defaultConfigurationIsVisible = 0;
			defaultConfigurationName = Release;
		};
		428021DC1EC8D6FE003E8F96 /* Build configuration list for PBXNativeTarget "Tracker Jawn" */ = {
			isa = XCConfigurationList;
			buildConfigurations = (
				428021DD1EC8D6FE003E8F96 /* Debug */,
				428021DE1EC8D6FE003E8F96 /* Release */,
			);
			defaultConfigurationIsVisible = 0;
			defaultConfigurationName = Release;
		};
		428021DF1EC8D6FE003E8F96 /* Build configuration list for PBXNativeTarget "Tracker JawnTests" */ = {
			isa = XCConfigurationList;
			buildConfigurations = (
				428021E01EC8D6FE003E8F96 /* Debug */,
				428021E11EC8D6FE003E8F96 /* Release */,
			);
			defaultConfigurationIsVisible = 0;
			defaultConfigurationName = Release;
		};
		428021E21EC8D6FE003E8F96 /* Build configuration list for PBXNativeTarget "Tracker JawnUITests" */ = {
			isa = XCConfigurationList;
			buildConfigurations = (
				428021E31EC8D6FE003E8F96 /* Debug */,
				428021E41EC8D6FE003E8F96 /* Release */,
			);
			defaultConfigurationIsVisible = 0;
			defaultConfigurationName = Release;
		};
/* End XCConfigurationList section */

/* Begin XCVersionGroup section */
		426C1BFD1ECC1FEC004BDC36 /* TrackerJawn.xcdatamodeld */ = {
			isa = XCVersionGroup;
			children = (
				426C1BFE1ECC1FEC004BDC36 /* TrackerJawn.xcdatamodel */,
			);
			currentVersion = 426C1BFE1ECC1FEC004BDC36 /* TrackerJawn.xcdatamodel */;
			path = TrackerJawn.xcdatamodeld;
			sourceTree = "<group>";
			versionGroupType = wrapper.xcdatamodel;
		};
/* End XCVersionGroup section */
	};
	rootObject = 428021AC1EC8D6FD003E8F96 /* Project object */;
}
